// !$*UTF8*$!
{
	archiveVersion = 1;
	classes = {
	};
	objectVersion = 46;
	objects = {

/* Begin PBXAggregateTarget section */
		D034E6911564F6DA0092AAA0 /* Mogenerator */ = {
			isa = PBXAggregateTarget;
			buildConfigurationList = D034E6921564F6DA0092AAA0 /* Build configuration list for PBXAggregateTarget "Mogenerator" */;
			buildPhases = (
				D034E6951564F6E10092AAA0 /* ShellScript */,
			);
			dependencies = (
			);
			name = Mogenerator;
			productName = Mogenerator;
		};
/* End PBXAggregateTarget section */

/* Begin PBXBuildFile section */
		D0027F72156BAA03002D65C6 /* Toowong-hills.gpx in Resources */ = {isa = PBXBuildFile; fileRef = D0027F71156BAA03002D65C6 /* Toowong-hills.gpx */; };
		D0027F73156BAA03002D65C6 /* Toowong-hills.gpx in Resources */ = {isa = PBXBuildFile; fileRef = D0027F71156BAA03002D65C6 /* Toowong-hills.gpx */; };
		D0027F89156BC08B002D65C6 /* libxml2.2.dylib in Frameworks */ = {isa = PBXBuildFile; fileRef = D0027F87156BBCF4002D65C6 /* libxml2.2.dylib */; };
		D0027F8A156BC095002D65C6 /* libxml2.2.dylib in Frameworks */ = {isa = PBXBuildFile; fileRef = D0027F87156BBCF4002D65C6 /* libxml2.2.dylib */; };
		D0027F8D156BD232002D65C6 /* HTSTripMapViewController.m in Sources */ = {isa = PBXBuildFile; fileRef = D0027F8C156BD232002D65C6 /* HTSTripMapViewController.m */; };
		D0027F8E156BD232002D65C6 /* HTSTripMapViewController.m in Sources */ = {isa = PBXBuildFile; fileRef = D0027F8C156BD232002D65C6 /* HTSTripMapViewController.m */; };
		D0027F8F156BD232002D65C6 /* HTSTripMapViewController.m in Sources */ = {isa = PBXBuildFile; fileRef = D0027F8C156BD232002D65C6 /* HTSTripMapViewController.m */; };
		D0027F91156BD465002D65C6 /* HTSTripMapViewController.xib in Resources */ = {isa = PBXBuildFile; fileRef = D0027F90156BD465002D65C6 /* HTSTripMapViewController.xib */; };
		D0027F92156BD465002D65C6 /* HTSTripMapViewController.xib in Resources */ = {isa = PBXBuildFile; fileRef = D0027F90156BD465002D65C6 /* HTSTripMapViewController.xib */; };
		D0027F93156BD465002D65C6 /* HTSTripMapViewController.xib in Resources */ = {isa = PBXBuildFile; fileRef = D0027F90156BD465002D65C6 /* HTSTripMapViewController.xib */; };
		D004FFA515689F82004687ED /* MapKit.framework in Frameworks */ = {isa = PBXBuildFile; fileRef = D004FFA415689F82004687ED /* MapKit.framework */; };
		D004FFA715689F91004687ED /* MapKit.framework in Frameworks */ = {isa = PBXBuildFile; fileRef = D004FFA415689F82004687ED /* MapKit.framework */; };
		D004FFA815689F98004687ED /* MapKit.framework in Frameworks */ = {isa = PBXBuildFile; fileRef = D004FFA415689F82004687ED /* MapKit.framework */; };
		D004FFAB1568A4D6004687ED /* CoreLocation.framework in Frameworks */ = {isa = PBXBuildFile; fileRef = D00E720015651CC900ECC409 /* CoreLocation.framework */; };
		D004FFAF1568AC92004687ED /* HTSTodayViewController.m in Sources */ = {isa = PBXBuildFile; fileRef = D004FFAE1568AC92004687ED /* HTSTodayViewController.m */; };
		D004FFB41568B613004687ED /* _Trip.m in Sources */ = {isa = PBXBuildFile; fileRef = D004FFB11568B613004687ED /* _Trip.m */; };
		D004FFB51568B613004687ED /* _Trip.m in Sources */ = {isa = PBXBuildFile; fileRef = D004FFB11568B613004687ED /* _Trip.m */; };
		D004FFB61568B613004687ED /* Trip.m in Sources */ = {isa = PBXBuildFile; fileRef = D004FFB31568B613004687ED /* Trip.m */; };
		D004FFB71568B613004687ED /* Trip.m in Sources */ = {isa = PBXBuildFile; fileRef = D004FFB31568B613004687ED /* Trip.m */; };
		D00E720115651CC900ECC409 /* CoreLocation.framework in Frameworks */ = {isa = PBXBuildFile; fileRef = D00E720015651CC900ECC409 /* CoreLocation.framework */; };
		D00E7203156525ED00ECC409 /* CoreLocation.framework in Frameworks */ = {isa = PBXBuildFile; fileRef = D00E720015651CC900ECC409 /* CoreLocation.framework */; };
		D00E749015918F6A00A1D31F /* HTSAPIController.m in Sources */ = {isa = PBXBuildFile; fileRef = D00E748F15918F6A00A1D31F /* HTSAPIController.m */; };
		D00E749115918F6A00A1D31F /* HTSAPIController.m in Sources */ = {isa = PBXBuildFile; fileRef = D00E748F15918F6A00A1D31F /* HTSAPIController.m */; };
		D00E74A81591B9DA00A1D31F /* AFHTTPClient.m in Sources */ = {isa = PBXBuildFile; fileRef = D00E74941591B9DA00A1D31F /* AFHTTPClient.m */; settings = {COMPILER_FLAGS = "-fno-objc-arc"; }; };
		D00E74A91591B9DA00A1D31F /* AFHTTPClient.m in Sources */ = {isa = PBXBuildFile; fileRef = D00E74941591B9DA00A1D31F /* AFHTTPClient.m */; };
		D00E74AA1591B9DA00A1D31F /* AFHTTPRequestOperation.m in Sources */ = {isa = PBXBuildFile; fileRef = D00E74961591B9DA00A1D31F /* AFHTTPRequestOperation.m */; settings = {COMPILER_FLAGS = "-fno-objc-arc"; }; };
		D00E74AB1591B9DA00A1D31F /* AFHTTPRequestOperation.m in Sources */ = {isa = PBXBuildFile; fileRef = D00E74961591B9DA00A1D31F /* AFHTTPRequestOperation.m */; };
		D00E74AC1591B9DA00A1D31F /* AFImageRequestOperation.m in Sources */ = {isa = PBXBuildFile; fileRef = D00E74981591B9DA00A1D31F /* AFImageRequestOperation.m */; settings = {COMPILER_FLAGS = "-fno-objc-arc"; }; };
		D00E74AD1591B9DA00A1D31F /* AFImageRequestOperation.m in Sources */ = {isa = PBXBuildFile; fileRef = D00E74981591B9DA00A1D31F /* AFImageRequestOperation.m */; };
		D00E74AE1591B9DA00A1D31F /* AFJSONRequestOperation.m in Sources */ = {isa = PBXBuildFile; fileRef = D00E749A1591B9DA00A1D31F /* AFJSONRequestOperation.m */; settings = {COMPILER_FLAGS = "-fno-objc-arc"; }; };
		D00E74AF1591B9DA00A1D31F /* AFJSONRequestOperation.m in Sources */ = {isa = PBXBuildFile; fileRef = D00E749A1591B9DA00A1D31F /* AFJSONRequestOperation.m */; };
		D00E74B01591B9DA00A1D31F /* AFJSONUtilities.m in Sources */ = {isa = PBXBuildFile; fileRef = D00E749C1591B9DA00A1D31F /* AFJSONUtilities.m */; settings = {COMPILER_FLAGS = "-fno-objc-arc"; }; };
		D00E74B11591B9DA00A1D31F /* AFJSONUtilities.m in Sources */ = {isa = PBXBuildFile; fileRef = D00E749C1591B9DA00A1D31F /* AFJSONUtilities.m */; };
		D00E74B21591B9DA00A1D31F /* AFNetworkActivityIndicatorManager.m in Sources */ = {isa = PBXBuildFile; fileRef = D00E749E1591B9DA00A1D31F /* AFNetworkActivityIndicatorManager.m */; settings = {COMPILER_FLAGS = "-fno-objc-arc"; }; };
		D00E74B31591B9DA00A1D31F /* AFNetworkActivityIndicatorManager.m in Sources */ = {isa = PBXBuildFile; fileRef = D00E749E1591B9DA00A1D31F /* AFNetworkActivityIndicatorManager.m */; };
		D00E74B41591B9DA00A1D31F /* AFPropertyListRequestOperation.m in Sources */ = {isa = PBXBuildFile; fileRef = D00E74A11591B9DA00A1D31F /* AFPropertyListRequestOperation.m */; settings = {COMPILER_FLAGS = "-fno-objc-arc"; }; };
		D00E74B51591B9DA00A1D31F /* AFPropertyListRequestOperation.m in Sources */ = {isa = PBXBuildFile; fileRef = D00E74A11591B9DA00A1D31F /* AFPropertyListRequestOperation.m */; };
		D00E74B61591B9DA00A1D31F /* AFURLConnectionOperation.m in Sources */ = {isa = PBXBuildFile; fileRef = D00E74A31591B9DA00A1D31F /* AFURLConnectionOperation.m */; settings = {COMPILER_FLAGS = "-fno-objc-arc"; }; };
		D00E74B71591B9DA00A1D31F /* AFURLConnectionOperation.m in Sources */ = {isa = PBXBuildFile; fileRef = D00E74A31591B9DA00A1D31F /* AFURLConnectionOperation.m */; };
		D00E74B81591B9DA00A1D31F /* AFXMLRequestOperation.m in Sources */ = {isa = PBXBuildFile; fileRef = D00E74A51591B9DA00A1D31F /* AFXMLRequestOperation.m */; settings = {COMPILER_FLAGS = "-fno-objc-arc"; }; };
		D00E74B91591B9DA00A1D31F /* AFXMLRequestOperation.m in Sources */ = {isa = PBXBuildFile; fileRef = D00E74A51591B9DA00A1D31F /* AFXMLRequestOperation.m */; };
		D00E74BA1591B9DA00A1D31F /* UIImageView+AFNetworking.m in Sources */ = {isa = PBXBuildFile; fileRef = D00E74A71591B9DA00A1D31F /* UIImageView+AFNetworking.m */; settings = {COMPILER_FLAGS = "-fno-objc-arc"; }; };
		D00E74BB1591B9DA00A1D31F /* UIImageView+AFNetworking.m in Sources */ = {isa = PBXBuildFile; fileRef = D00E74A71591B9DA00A1D31F /* UIImageView+AFNetworking.m */; };
		D0205BE5156A278000B4C816 /* buttonbackgroundgreen.png in Resources */ = {isa = PBXBuildFile; fileRef = D0205BDD156A271400B4C816 /* buttonbackgroundgreen.png */; };
		D0205BE6156A278000B4C816 /* buttonbackgroundgreen@2x.png in Resources */ = {isa = PBXBuildFile; fileRef = D0205BDE156A271400B4C816 /* buttonbackgroundgreen@2x.png */; };
		D0205BE7156A278000B4C816 /* buttonbackgroundred in Resources */ = {isa = PBXBuildFile; fileRef = D0205BDF156A271400B4C816 /* buttonbackgroundred */; };
		D0205BE8156A278000B4C816 /* buttonbackgroundred@2x in Resources */ = {isa = PBXBuildFile; fileRef = D0205BE0156A271400B4C816 /* buttonbackgroundred@2x */; };
		D0205BE9156A278100B4C816 /* buttonbackgroundgreen.png in Resources */ = {isa = PBXBuildFile; fileRef = D0205BDD156A271400B4C816 /* buttonbackgroundgreen.png */; };
		D0205BEA156A278100B4C816 /* buttonbackgroundgreen@2x.png in Resources */ = {isa = PBXBuildFile; fileRef = D0205BDE156A271400B4C816 /* buttonbackgroundgreen@2x.png */; };
		D0205BEB156A278100B4C816 /* buttonbackgroundred in Resources */ = {isa = PBXBuildFile; fileRef = D0205BDF156A271400B4C816 /* buttonbackgroundred */; };
		D0205BEC156A278100B4C816 /* buttonbackgroundred@2x in Resources */ = {isa = PBXBuildFile; fileRef = D0205BE0156A271400B4C816 /* buttonbackgroundred@2x */; };
		D0205BED156A284E00B4C816 /* HTSTodayViewController.m in Sources */ = {isa = PBXBuildFile; fileRef = D004FFAE1568AC92004687ED /* HTSTodayViewController.m */; };
		D0205BF1156A33FA00B4C816 /* HTSDataFixtures.m in Sources */ = {isa = PBXBuildFile; fileRef = D0205BF0156A33FA00B4C816 /* HTSDataFixtures.m */; };
		D0205BF2156A33FA00B4C816 /* HTSDataFixtures.m in Sources */ = {isa = PBXBuildFile; fileRef = D0205BF0156A33FA00B4C816 /* HTSDataFixtures.m */; };
		D0205BF3156A33FA00B4C816 /* HTSDataFixtures.m in Sources */ = {isa = PBXBuildFile; fileRef = D0205BF0156A33FA00B4C816 /* HTSDataFixtures.m */; };
		D034E6441564EAF30092AAA0 /* UIKit.framework in Frameworks */ = {isa = PBXBuildFile; fileRef = D034E6431564EAF30092AAA0 /* UIKit.framework */; };
		D034E6461564EAF30092AAA0 /* Foundation.framework in Frameworks */ = {isa = PBXBuildFile; fileRef = D034E6451564EAF30092AAA0 /* Foundation.framework */; };
		D034E6481564EAF30092AAA0 /* CoreGraphics.framework in Frameworks */ = {isa = PBXBuildFile; fileRef = D034E6471564EAF30092AAA0 /* CoreGraphics.framework */; };
		D034E64A1564EAF30092AAA0 /* CoreData.framework in Frameworks */ = {isa = PBXBuildFile; fileRef = D034E6491564EAF30092AAA0 /* CoreData.framework */; };
		D034E6501564EAF30092AAA0 /* InfoPlist.strings in Resources */ = {isa = PBXBuildFile; fileRef = D034E64E1564EAF30092AAA0 /* InfoPlist.strings */; };
		D034E6521564EAF30092AAA0 /* main.m in Sources */ = {isa = PBXBuildFile; fileRef = D034E6511564EAF30092AAA0 /* main.m */; };
		D034E6561564EAF30092AAA0 /* HTSAppDelegate.m in Sources */ = {isa = PBXBuildFile; fileRef = D034E6551564EAF30092AAA0 /* HTSAppDelegate.m */; };
		D034E6591564EAF30092AAA0 /* HTSiOS.xcdatamodeld in Sources */ = {isa = PBXBuildFile; fileRef = D034E6571564EAF30092AAA0 /* HTSiOS.xcdatamodeld */; };
		D034E6611564EAF30092AAA0 /* SenTestingKit.framework in Frameworks */ = {isa = PBXBuildFile; fileRef = D034E6601564EAF30092AAA0 /* SenTestingKit.framework */; };
		D034E6621564EAF30092AAA0 /* UIKit.framework in Frameworks */ = {isa = PBXBuildFile; fileRef = D034E6431564EAF30092AAA0 /* UIKit.framework */; };
		D034E6631564EAF30092AAA0 /* Foundation.framework in Frameworks */ = {isa = PBXBuildFile; fileRef = D034E6451564EAF30092AAA0 /* Foundation.framework */; };
		D034E6641564EAF30092AAA0 /* CoreData.framework in Frameworks */ = {isa = PBXBuildFile; fileRef = D034E6491564EAF30092AAA0 /* CoreData.framework */; };
		D034E66C1564EAF30092AAA0 /* InfoPlist.strings in Resources */ = {isa = PBXBuildFile; fileRef = D034E66A1564EAF30092AAA0 /* InfoPlist.strings */; };
		D034E66F1564EAF30092AAA0 /* HTSiOSTests.m in Sources */ = {isa = PBXBuildFile; fileRef = D034E66E1564EAF30092AAA0 /* HTSiOSTests.m */; };
		D034E67D1564EB630092AAA0 /* main.m in Sources */ = {isa = PBXBuildFile; fileRef = D034E6511564EAF30092AAA0 /* main.m */; };
		D034E67E1564EB630092AAA0 /* HTSAppDelegate.m in Sources */ = {isa = PBXBuildFile; fileRef = D034E6551564EAF30092AAA0 /* HTSAppDelegate.m */; };
		D034E67F1564EB630092AAA0 /* HTSiOS.xcdatamodeld in Sources */ = {isa = PBXBuildFile; fileRef = D034E6571564EAF30092AAA0 /* HTSiOS.xcdatamodeld */; };
		D034E6811564EB630092AAA0 /* UIKit.framework in Frameworks */ = {isa = PBXBuildFile; fileRef = D034E6431564EAF30092AAA0 /* UIKit.framework */; };
		D034E6821564EB630092AAA0 /* Foundation.framework in Frameworks */ = {isa = PBXBuildFile; fileRef = D034E6451564EAF30092AAA0 /* Foundation.framework */; };
		D034E6831564EB630092AAA0 /* CoreGraphics.framework in Frameworks */ = {isa = PBXBuildFile; fileRef = D034E6471564EAF30092AAA0 /* CoreGraphics.framework */; };
		D034E6841564EB630092AAA0 /* CoreData.framework in Frameworks */ = {isa = PBXBuildFile; fileRef = D034E6491564EAF30092AAA0 /* CoreData.framework */; };
		D034E6861564EB630092AAA0 /* InfoPlist.strings in Resources */ = {isa = PBXBuildFile; fileRef = D034E64E1564EAF30092AAA0 /* InfoPlist.strings */; };
		D034E68E1564EBCE0092AAA0 /* libKIF.a in Frameworks */ = {isa = PBXBuildFile; fileRef = D034E68D1564EBCE0092AAA0 /* libKIF.a */; };
		D034E6901564ED4E0092AAA0 /* HTSiOS.storyboard in Resources */ = {isa = PBXBuildFile; fileRef = D034E68F1564ED4E0092AAA0 /* HTSiOS.storyboard */; };
		D034E6A01564FC120092AAA0 /* _GeoSample.m in Sources */ = {isa = PBXBuildFile; fileRef = D034E69D1564FC120092AAA0 /* _GeoSample.m */; };
		D034E6A11564FC120092AAA0 /* GeoSample.m in Sources */ = {isa = PBXBuildFile; fileRef = D034E69F1564FC120092AAA0 /* GeoSample.m */; };
		D034E6A91564FD2A0092AAA0 /* HTSExampleTestController.m in Sources */ = {isa = PBXBuildFile; fileRef = D034E6A81564FD2A0092AAA0 /* HTSExampleTestController.m */; };
		D034E6AE1564FDB00092AAA0 /* KIFTestScenario+HTSAdditions.m in Sources */ = {isa = PBXBuildFile; fileRef = D034E6AD1564FDB00092AAA0 /* KIFTestScenario+HTSAdditions.m */; };
		D034E7531565065F0092AAA0 /* HTSiOS.storyboard in Resources */ = {isa = PBXBuildFile; fileRef = D034E68F1564ED4E0092AAA0 /* HTSiOS.storyboard */; };
		D034E7A4156515280092AAA0 /* NSAttributeDescription+MagicalDataImport.m in Sources */ = {isa = PBXBuildFile; fileRef = D034E787156515280092AAA0 /* NSAttributeDescription+MagicalDataImport.m */; };
		D034E7A5156515280092AAA0 /* NSEntityDescription+MagicalDataImport.m in Sources */ = {isa = PBXBuildFile; fileRef = D034E789156515280092AAA0 /* NSEntityDescription+MagicalDataImport.m */; };
		D034E7A6156515280092AAA0 /* NSNumber+MagicalDataImport.m in Sources */ = {isa = PBXBuildFile; fileRef = D034E78B156515280092AAA0 /* NSNumber+MagicalDataImport.m */; };
		D034E7A7156515280092AAA0 /* NSObject+MagicalDataImport.m in Sources */ = {isa = PBXBuildFile; fileRef = D034E78D156515280092AAA0 /* NSObject+MagicalDataImport.m */; };
		D034E7A8156515280092AAA0 /* NSRelationshipDescription+MagicalDataImport.m in Sources */ = {isa = PBXBuildFile; fileRef = D034E78F156515280092AAA0 /* NSRelationshipDescription+MagicalDataImport.m */; };
		D034E7A9156515280092AAA0 /* NSString+MagicalDataImport.m in Sources */ = {isa = PBXBuildFile; fileRef = D034E791156515280092AAA0 /* NSString+MagicalDataImport.m */; };
		D034E7AA156515280092AAA0 /* NSManagedObject+MagicalDataImport.m in Sources */ = {isa = PBXBuildFile; fileRef = D034E793156515280092AAA0 /* NSManagedObject+MagicalDataImport.m */; };
		D034E7AB156515280092AAA0 /* NSManagedObject+MagicalRecord.m in Sources */ = {isa = PBXBuildFile; fileRef = D034E795156515280092AAA0 /* NSManagedObject+MagicalRecord.m */; };
		D034E7AC156515280092AAA0 /* NSManagedObjectContext+MagicalRecord.m in Sources */ = {isa = PBXBuildFile; fileRef = D034E797156515280092AAA0 /* NSManagedObjectContext+MagicalRecord.m */; };
		D034E7AD156515280092AAA0 /* NSManagedObjectModel+MagicalRecord.m in Sources */ = {isa = PBXBuildFile; fileRef = D034E799156515280092AAA0 /* NSManagedObjectModel+MagicalRecord.m */; };
		D034E7AE156515280092AAA0 /* NSPersistentStore+MagicalRecord.m in Sources */ = {isa = PBXBuildFile; fileRef = D034E79B156515280092AAA0 /* NSPersistentStore+MagicalRecord.m */; };
		D034E7AF156515280092AAA0 /* NSPersistentStoreCoordinator+MagicalRecord.m in Sources */ = {isa = PBXBuildFile; fileRef = D034E79D156515280092AAA0 /* NSPersistentStoreCoordinator+MagicalRecord.m */; };
		D034E7B0156515280092AAA0 /* MagicalRecordHelpers.m in Sources */ = {isa = PBXBuildFile; fileRef = D034E7A0156515280092AAA0 /* MagicalRecordHelpers.m */; };
		D034E7B1156515280092AAA0 /* MRCoreDataAction.m in Sources */ = {isa = PBXBuildFile; fileRef = D034E7A3156515280092AAA0 /* MRCoreDataAction.m */; };
		D034E7B31565162F0092AAA0 /* MagicalRecordHelpers.m in Sources */ = {isa = PBXBuildFile; fileRef = D034E7A0156515280092AAA0 /* MagicalRecordHelpers.m */; };
		D034E7B4156516350092AAA0 /* MRCoreDataAction.m in Sources */ = {isa = PBXBuildFile; fileRef = D034E7A3156515280092AAA0 /* MRCoreDataAction.m */; };
		D034E7B5156516530092AAA0 /* NSAttributeDescription+MagicalDataImport.m in Sources */ = {isa = PBXBuildFile; fileRef = D034E787156515280092AAA0 /* NSAttributeDescription+MagicalDataImport.m */; };
		D034E7B6156516530092AAA0 /* NSEntityDescription+MagicalDataImport.m in Sources */ = {isa = PBXBuildFile; fileRef = D034E789156515280092AAA0 /* NSEntityDescription+MagicalDataImport.m */; };
		D034E7B7156516530092AAA0 /* NSNumber+MagicalDataImport.m in Sources */ = {isa = PBXBuildFile; fileRef = D034E78B156515280092AAA0 /* NSNumber+MagicalDataImport.m */; };
		D034E7B8156516530092AAA0 /* NSObject+MagicalDataImport.m in Sources */ = {isa = PBXBuildFile; fileRef = D034E78D156515280092AAA0 /* NSObject+MagicalDataImport.m */; };
		D034E7B9156516530092AAA0 /* NSRelationshipDescription+MagicalDataImport.m in Sources */ = {isa = PBXBuildFile; fileRef = D034E78F156515280092AAA0 /* NSRelationshipDescription+MagicalDataImport.m */; };
		D034E7BA156516530092AAA0 /* NSString+MagicalDataImport.m in Sources */ = {isa = PBXBuildFile; fileRef = D034E791156515280092AAA0 /* NSString+MagicalDataImport.m */; };
		D034E7BB156516530092AAA0 /* NSManagedObject+MagicalDataImport.m in Sources */ = {isa = PBXBuildFile; fileRef = D034E793156515280092AAA0 /* NSManagedObject+MagicalDataImport.m */; };
		D034E7BC156516530092AAA0 /* NSManagedObject+MagicalRecord.m in Sources */ = {isa = PBXBuildFile; fileRef = D034E795156515280092AAA0 /* NSManagedObject+MagicalRecord.m */; };
		D034E7BD156516530092AAA0 /* NSManagedObjectContext+MagicalRecord.m in Sources */ = {isa = PBXBuildFile; fileRef = D034E797156515280092AAA0 /* NSManagedObjectContext+MagicalRecord.m */; };
		D034E7BE156516530092AAA0 /* NSManagedObjectModel+MagicalRecord.m in Sources */ = {isa = PBXBuildFile; fileRef = D034E799156515280092AAA0 /* NSManagedObjectModel+MagicalRecord.m */; };
		D034E7BF156516530092AAA0 /* NSPersistentStore+MagicalRecord.m in Sources */ = {isa = PBXBuildFile; fileRef = D034E79B156515280092AAA0 /* NSPersistentStore+MagicalRecord.m */; };
		D034E7C0156516530092AAA0 /* NSPersistentStoreCoordinator+MagicalRecord.m in Sources */ = {isa = PBXBuildFile; fileRef = D034E79D156515280092AAA0 /* NSPersistentStoreCoordinator+MagicalRecord.m */; };
		D034E7C1156517380092AAA0 /* _GeoSample.m in Sources */ = {isa = PBXBuildFile; fileRef = D034E69D1564FC120092AAA0 /* _GeoSample.m */; };
		D034E7C2156517380092AAA0 /* GeoSample.m in Sources */ = {isa = PBXBuildFile; fileRef = D034E69F1564FC120092AAA0 /* GeoSample.m */; };
		D0551BDF156B3427000E8EE9 /* arrow.png in Resources */ = {isa = PBXBuildFile; fileRef = D0551BDE156B3427000E8EE9 /* arrow.png */; };
		D0551BE1156B342D000E8EE9 /* arrow.png in Resources */ = {isa = PBXBuildFile; fileRef = D0551BDE156B3427000E8EE9 /* arrow.png */; };
		D0551BE3156B3495000E8EE9 /* arrow@2x.png in Resources */ = {isa = PBXBuildFile; fileRef = D0551BE2156B3495000E8EE9 /* arrow@2x.png */; };
		D0551BE4156B3495000E8EE9 /* arrow@2x.png in Resources */ = {isa = PBXBuildFile; fileRef = D0551BE2156B3495000E8EE9 /* arrow@2x.png */; };
		D0583508159D704D002981EA /* HTSLoginViewController.m in Sources */ = {isa = PBXBuildFile; fileRef = D0583507159D704D002981EA /* HTSLoginViewController.m */; };
		D0583509159D704D002981EA /* HTSLoginViewController.m in Sources */ = {isa = PBXBuildFile; fileRef = D0583507159D704D002981EA /* HTSLoginViewController.m */; };
		D058350D159D7059002981EA /* HTSRegisterViewController.m in Sources */ = {isa = PBXBuildFile; fileRef = D058350C159D7059002981EA /* HTSRegisterViewController.m */; };
		D058350E159D7059002981EA /* HTSRegisterViewController.m in Sources */ = {isa = PBXBuildFile; fileRef = D058350C159D7059002981EA /* HTSRegisterViewController.m */; };
		D06F5F5C156B79660009F2BA /* HTSGeoSampleManager.m in Sources */ = {isa = PBXBuildFile; fileRef = D06F5F5B156B79660009F2BA /* HTSGeoSampleManager.m */; };
		D06F5F5D156B79660009F2BA /* HTSGeoSampleManager.m in Sources */ = {isa = PBXBuildFile; fileRef = D06F5F5B156B79660009F2BA /* HTSGeoSampleManager.m */; };
		D090007715933B2100B1D2C4 /* _TransportMode.m in Sources */ = {isa = PBXBuildFile; fileRef = D090007415933B2100B1D2C4 /* _TransportMode.m */; };
		D090007815933B2100B1D2C4 /* _TransportMode.m in Sources */ = {isa = PBXBuildFile; fileRef = D090007415933B2100B1D2C4 /* _TransportMode.m */; };
		D090007915933B2100B1D2C4 /* TransportMode.m in Sources */ = {isa = PBXBuildFile; fileRef = D090007615933B2100B1D2C4 /* TransportMode.m */; };
		D090007A15933B2100B1D2C4 /* TransportMode.m in Sources */ = {isa = PBXBuildFile; fileRef = D090007615933B2100B1D2C4 /* TransportMode.m */; };
		D09000811593F19200B1D2C4 /* HTSTripHistoryTableViewController.m in Sources */ = {isa = PBXBuildFile; fileRef = D09000801593F19200B1D2C4 /* HTSTripHistoryTableViewController.m */; };
		D09000821593F19200B1D2C4 /* HTSTripHistoryTableViewController.m in Sources */ = {isa = PBXBuildFile; fileRef = D09000801593F19200B1D2C4 /* HTSTripHistoryTableViewController.m */; };
		D0D5E109158EB13000334EF3 /* HTSTripPath.m in Sources */ = {isa = PBXBuildFile; fileRef = D0D5E108158EB13000334EF3 /* HTSTripPath.m */; };
		D0D5E10A158EB13000334EF3 /* HTSTripPath.m in Sources */ = {isa = PBXBuildFile; fileRef = D0D5E108158EB13000334EF3 /* HTSTripPath.m */; };
		D0D5E10D158EB2DB00334EF3 /* HTSTripPathView.m in Sources */ = {isa = PBXBuildFile; fileRef = D0D5E10C158EB2DB00334EF3 /* HTSTripPathView.m */; };
		D0D5E10E158EB2DB00334EF3 /* HTSTripPathView.m in Sources */ = {isa = PBXBuildFile; fileRef = D0D5E10C158EB2DB00334EF3 /* HTSTripPathView.m */; };
		D0E72DCD156EF2BB0079FD33 /* HTSTripDetailViewController.m in Sources */ = {isa = PBXBuildFile; fileRef = D0E72DCC156EF2BB0079FD33 /* HTSTripDetailViewController.m */; };
		D0E72DCE156EF2BB0079FD33 /* HTSTripDetailViewController.m in Sources */ = {isa = PBXBuildFile; fileRef = D0E72DCC156EF2BB0079FD33 /* HTSTripDetailViewController.m */; };
/* End PBXBuildFile section */

/* Begin PBXContainerItemProxy section */
		D034E6651564EAF30092AAA0 /* PBXContainerItemProxy */ = {
			isa = PBXContainerItemProxy;
			containerPortal = D034E6361564EAF30092AAA0 /* Project object */;
			proxyType = 1;
			remoteGlobalIDString = D034E63E1564EAF30092AAA0;
			remoteInfo = HTSiOS;
		};
/* End PBXContainerItemProxy section */

/* Begin PBXFileReference section */
		D0027F71156BAA03002D65C6 /* Toowong-hills.gpx */ = {isa = PBXFileReference; fileEncoding = 4; lastKnownFileType = text.xml; path = "Toowong-hills.gpx"; sourceTree = "<group>"; };
		D0027F87156BBCF4002D65C6 /* libxml2.2.dylib */ = {isa = PBXFileReference; lastKnownFileType = "compiled.mach-o.dylib"; name = libxml2.2.dylib; path = usr/lib/libxml2.2.dylib; sourceTree = SDKROOT; };
		D0027F8B156BD231002D65C6 /* HTSTripMapViewController.h */ = {isa = PBXFileReference; fileEncoding = 4; lastKnownFileType = sourcecode.c.h; path = HTSTripMapViewController.h; sourceTree = "<group>"; };
		D0027F8C156BD232002D65C6 /* HTSTripMapViewController.m */ = {isa = PBXFileReference; fileEncoding = 4; lastKnownFileType = sourcecode.c.objc; path = HTSTripMapViewController.m; sourceTree = "<group>"; };
		D0027F90156BD465002D65C6 /* HTSTripMapViewController.xib */ = {isa = PBXFileReference; fileEncoding = 4; lastKnownFileType = file.xib; path = HTSTripMapViewController.xib; sourceTree = "<group>"; };
		D004FFA415689F82004687ED /* MapKit.framework */ = {isa = PBXFileReference; lastKnownFileType = wrapper.framework; name = MapKit.framework; path = System/Library/Frameworks/MapKit.framework; sourceTree = SDKROOT; };
		D004FFA91568A4B4004687ED /* HTSiOS Acceptance Tests-Info.plist */ = {isa = PBXFileReference; fileEncoding = 4; lastKnownFileType = text.plist.xml; path = "HTSiOS Acceptance Tests-Info.plist"; sourceTree = SOURCE_ROOT; };
		D004FFAD1568AC92004687ED /* HTSTodayViewController.h */ = {isa = PBXFileReference; fileEncoding = 4; lastKnownFileType = sourcecode.c.h; path = HTSTodayViewController.h; sourceTree = "<group>"; };
		D004FFAE1568AC92004687ED /* HTSTodayViewController.m */ = {isa = PBXFileReference; fileEncoding = 4; lastKnownFileType = sourcecode.c.objc; path = HTSTodayViewController.m; sourceTree = "<group>"; };
		D004FFB01568B613004687ED /* _Trip.h */ = {isa = PBXFileReference; fileEncoding = 4; lastKnownFileType = sourcecode.c.h; path = _Trip.h; sourceTree = "<group>"; };
		D004FFB11568B613004687ED /* _Trip.m */ = {isa = PBXFileReference; fileEncoding = 4; lastKnownFileType = sourcecode.c.objc; path = _Trip.m; sourceTree = "<group>"; };
		D004FFB21568B613004687ED /* Trip.h */ = {isa = PBXFileReference; fileEncoding = 4; lastKnownFileType = sourcecode.c.h; path = Trip.h; sourceTree = "<group>"; };
		D004FFB31568B613004687ED /* Trip.m */ = {isa = PBXFileReference; fileEncoding = 4; lastKnownFileType = sourcecode.c.objc; path = Trip.m; sourceTree = "<group>"; };
		D00E720015651CC900ECC409 /* CoreLocation.framework */ = {isa = PBXFileReference; lastKnownFileType = wrapper.framework; name = CoreLocation.framework; path = System/Library/Frameworks/CoreLocation.framework; sourceTree = SDKROOT; };
		D00E748E15918F6A00A1D31F /* HTSAPIController.h */ = {isa = PBXFileReference; fileEncoding = 4; lastKnownFileType = sourcecode.c.h; path = HTSAPIController.h; sourceTree = "<group>"; };
		D00E748F15918F6A00A1D31F /* HTSAPIController.m */ = {isa = PBXFileReference; fileEncoding = 4; lastKnownFileType = sourcecode.c.objc; path = HTSAPIController.m; sourceTree = "<group>"; };
		D00E74931591B9DA00A1D31F /* AFHTTPClient.h */ = {isa = PBXFileReference; fileEncoding = 4; lastKnownFileType = sourcecode.c.h; path = AFHTTPClient.h; sourceTree = "<group>"; };
		D00E74941591B9DA00A1D31F /* AFHTTPClient.m */ = {isa = PBXFileReference; fileEncoding = 4; lastKnownFileType = sourcecode.c.objc; path = AFHTTPClient.m; sourceTree = "<group>"; };
		D00E74951591B9DA00A1D31F /* AFHTTPRequestOperation.h */ = {isa = PBXFileReference; fileEncoding = 4; lastKnownFileType = sourcecode.c.h; path = AFHTTPRequestOperation.h; sourceTree = "<group>"; };
		D00E74961591B9DA00A1D31F /* AFHTTPRequestOperation.m */ = {isa = PBXFileReference; fileEncoding = 4; lastKnownFileType = sourcecode.c.objc; path = AFHTTPRequestOperation.m; sourceTree = "<group>"; };
		D00E74971591B9DA00A1D31F /* AFImageRequestOperation.h */ = {isa = PBXFileReference; fileEncoding = 4; lastKnownFileType = sourcecode.c.h; path = AFImageRequestOperation.h; sourceTree = "<group>"; };
		D00E74981591B9DA00A1D31F /* AFImageRequestOperation.m */ = {isa = PBXFileReference; fileEncoding = 4; lastKnownFileType = sourcecode.c.objc; path = AFImageRequestOperation.m; sourceTree = "<group>"; };
		D00E74991591B9DA00A1D31F /* AFJSONRequestOperation.h */ = {isa = PBXFileReference; fileEncoding = 4; lastKnownFileType = sourcecode.c.h; path = AFJSONRequestOperation.h; sourceTree = "<group>"; };
		D00E749A1591B9DA00A1D31F /* AFJSONRequestOperation.m */ = {isa = PBXFileReference; fileEncoding = 4; lastKnownFileType = sourcecode.c.objc; path = AFJSONRequestOperation.m; sourceTree = "<group>"; };
		D00E749B1591B9DA00A1D31F /* AFJSONUtilities.h */ = {isa = PBXFileReference; fileEncoding = 4; lastKnownFileType = sourcecode.c.h; path = AFJSONUtilities.h; sourceTree = "<group>"; };
		D00E749C1591B9DA00A1D31F /* AFJSONUtilities.m */ = {isa = PBXFileReference; fileEncoding = 4; lastKnownFileType = sourcecode.c.objc; path = AFJSONUtilities.m; sourceTree = "<group>"; };
		D00E749D1591B9DA00A1D31F /* AFNetworkActivityIndicatorManager.h */ = {isa = PBXFileReference; fileEncoding = 4; lastKnownFileType = sourcecode.c.h; path = AFNetworkActivityIndicatorManager.h; sourceTree = "<group>"; };
		D00E749E1591B9DA00A1D31F /* AFNetworkActivityIndicatorManager.m */ = {isa = PBXFileReference; fileEncoding = 4; lastKnownFileType = sourcecode.c.objc; path = AFNetworkActivityIndicatorManager.m; sourceTree = "<group>"; };
		D00E749F1591B9DA00A1D31F /* AFNetworking.h */ = {isa = PBXFileReference; fileEncoding = 4; lastKnownFileType = sourcecode.c.h; path = AFNetworking.h; sourceTree = "<group>"; };
		D00E74A01591B9DA00A1D31F /* AFPropertyListRequestOperation.h */ = {isa = PBXFileReference; fileEncoding = 4; lastKnownFileType = sourcecode.c.h; path = AFPropertyListRequestOperation.h; sourceTree = "<group>"; };
		D00E74A11591B9DA00A1D31F /* AFPropertyListRequestOperation.m */ = {isa = PBXFileReference; fileEncoding = 4; lastKnownFileType = sourcecode.c.objc; path = AFPropertyListRequestOperation.m; sourceTree = "<group>"; };
		D00E74A21591B9DA00A1D31F /* AFURLConnectionOperation.h */ = {isa = PBXFileReference; fileEncoding = 4; lastKnownFileType = sourcecode.c.h; path = AFURLConnectionOperation.h; sourceTree = "<group>"; };
		D00E74A31591B9DA00A1D31F /* AFURLConnectionOperation.m */ = {isa = PBXFileReference; fileEncoding = 4; lastKnownFileType = sourcecode.c.objc; path = AFURLConnectionOperation.m; sourceTree = "<group>"; };
		D00E74A41591B9DA00A1D31F /* AFXMLRequestOperation.h */ = {isa = PBXFileReference; fileEncoding = 4; lastKnownFileType = sourcecode.c.h; path = AFXMLRequestOperation.h; sourceTree = "<group>"; };
		D00E74A51591B9DA00A1D31F /* AFXMLRequestOperation.m */ = {isa = PBXFileReference; fileEncoding = 4; lastKnownFileType = sourcecode.c.objc; path = AFXMLRequestOperation.m; sourceTree = "<group>"; };
		D00E74A61591B9DA00A1D31F /* UIImageView+AFNetworking.h */ = {isa = PBXFileReference; fileEncoding = 4; lastKnownFileType = sourcecode.c.h; path = "UIImageView+AFNetworking.h"; sourceTree = "<group>"; };
		D00E74A71591B9DA00A1D31F /* UIImageView+AFNetworking.m */ = {isa = PBXFileReference; fileEncoding = 4; lastKnownFileType = sourcecode.c.objc; path = "UIImageView+AFNetworking.m"; sourceTree = "<group>"; };
		D0205BDD156A271400B4C816 /* buttonbackgroundgreen.png */ = {isa = PBXFileReference; lastKnownFileType = image.png; path = buttonbackgroundgreen.png; sourceTree = "<group>"; };
		D0205BDE156A271400B4C816 /* buttonbackgroundgreen@2x.png */ = {isa = PBXFileReference; lastKnownFileType = image.png; path = "buttonbackgroundgreen@2x.png"; sourceTree = "<group>"; };
		D0205BDF156A271400B4C816 /* buttonbackgroundred */ = {isa = PBXFileReference; lastKnownFileType = file; path = buttonbackgroundred; sourceTree = "<group>"; };
		D0205BE0156A271400B4C816 /* buttonbackgroundred@2x */ = {isa = PBXFileReference; lastKnownFileType = file; path = "buttonbackgroundred@2x"; sourceTree = "<group>"; };
		D0205BEF156A33FA00B4C816 /* HTSDataFixtures.h */ = {isa = PBXFileReference; fileEncoding = 4; lastKnownFileType = sourcecode.c.h; path = HTSDataFixtures.h; sourceTree = "<group>"; };
		D0205BF0156A33FA00B4C816 /* HTSDataFixtures.m */ = {isa = PBXFileReference; fileEncoding = 4; lastKnownFileType = sourcecode.c.objc; path = HTSDataFixtures.m; sourceTree = "<group>"; };
		D034E63F1564EAF30092AAA0 /* HTSiOS.app */ = {isa = PBXFileReference; explicitFileType = wrapper.application; includeInIndex = 0; path = HTSiOS.app; sourceTree = BUILT_PRODUCTS_DIR; };
		D034E6431564EAF30092AAA0 /* UIKit.framework */ = {isa = PBXFileReference; lastKnownFileType = wrapper.framework; name = UIKit.framework; path = System/Library/Frameworks/UIKit.framework; sourceTree = SDKROOT; };
		D034E6451564EAF30092AAA0 /* Foundation.framework */ = {isa = PBXFileReference; lastKnownFileType = wrapper.framework; name = Foundation.framework; path = System/Library/Frameworks/Foundation.framework; sourceTree = SDKROOT; };
		D034E6471564EAF30092AAA0 /* CoreGraphics.framework */ = {isa = PBXFileReference; lastKnownFileType = wrapper.framework; name = CoreGraphics.framework; path = System/Library/Frameworks/CoreGraphics.framework; sourceTree = SDKROOT; };
		D034E6491564EAF30092AAA0 /* CoreData.framework */ = {isa = PBXFileReference; lastKnownFileType = wrapper.framework; name = CoreData.framework; path = System/Library/Frameworks/CoreData.framework; sourceTree = SDKROOT; };
		D034E64D1564EAF30092AAA0 /* HTSiOS-Info.plist */ = {isa = PBXFileReference; lastKnownFileType = text.plist.xml; path = "HTSiOS-Info.plist"; sourceTree = "<group>"; };
		D034E64F1564EAF30092AAA0 /* en */ = {isa = PBXFileReference; lastKnownFileType = text.plist.strings; name = en; path = en.lproj/InfoPlist.strings; sourceTree = "<group>"; };
		D034E6511564EAF30092AAA0 /* main.m */ = {isa = PBXFileReference; lastKnownFileType = sourcecode.c.objc; path = main.m; sourceTree = "<group>"; };
		D034E6531564EAF30092AAA0 /* HTSiOS-Prefix.pch */ = {isa = PBXFileReference; lastKnownFileType = sourcecode.c.h; path = "HTSiOS-Prefix.pch"; sourceTree = "<group>"; };
		D034E6541564EAF30092AAA0 /* HTSAppDelegate.h */ = {isa = PBXFileReference; lastKnownFileType = sourcecode.c.h; path = HTSAppDelegate.h; sourceTree = "<group>"; };
		D034E6551564EAF30092AAA0 /* HTSAppDelegate.m */ = {isa = PBXFileReference; lastKnownFileType = sourcecode.c.objc; path = HTSAppDelegate.m; sourceTree = "<group>"; };
		D034E6581564EAF30092AAA0 /* HTSiOS.xcdatamodel */ = {isa = PBXFileReference; lastKnownFileType = wrapper.xcdatamodel; path = HTSiOS.xcdatamodel; sourceTree = "<group>"; };
		D034E65F1564EAF30092AAA0 /* HTSiOSTests.octest */ = {isa = PBXFileReference; explicitFileType = wrapper.cfbundle; includeInIndex = 0; path = HTSiOSTests.octest; sourceTree = BUILT_PRODUCTS_DIR; };
		D034E6601564EAF30092AAA0 /* SenTestingKit.framework */ = {isa = PBXFileReference; lastKnownFileType = wrapper.framework; name = SenTestingKit.framework; path = Library/Frameworks/SenTestingKit.framework; sourceTree = DEVELOPER_DIR; };
		D034E6691564EAF30092AAA0 /* HTSiOSTests-Info.plist */ = {isa = PBXFileReference; lastKnownFileType = text.plist.xml; path = "HTSiOSTests-Info.plist"; sourceTree = "<group>"; };
		D034E66B1564EAF30092AAA0 /* en */ = {isa = PBXFileReference; lastKnownFileType = text.plist.strings; name = en; path = en.lproj/InfoPlist.strings; sourceTree = "<group>"; };
		D034E66D1564EAF30092AAA0 /* HTSiOSTests.h */ = {isa = PBXFileReference; lastKnownFileType = sourcecode.c.h; path = HTSiOSTests.h; sourceTree = "<group>"; };
		D034E66E1564EAF30092AAA0 /* HTSiOSTests.m */ = {isa = PBXFileReference; lastKnownFileType = sourcecode.c.objc; path = HTSiOSTests.m; sourceTree = "<group>"; };
		D034E68A1564EB630092AAA0 /* HTSiOS Acceptance Tests.app */ = {isa = PBXFileReference; explicitFileType = wrapper.application; includeInIndex = 0; path = "HTSiOS Acceptance Tests.app"; sourceTree = BUILT_PRODUCTS_DIR; };
		D034E68D1564EBCE0092AAA0 /* libKIF.a */ = {isa = PBXFileReference; lastKnownFileType = archive.ar; name = libKIF.a; path = "Frameworks/KIF/build/Release-iphoneos/libKIF.a"; sourceTree = "<group>"; };
		D034E68F1564ED4E0092AAA0 /* HTSiOS.storyboard */ = {isa = PBXFileReference; fileEncoding = 4; lastKnownFileType = file.storyboard; path = HTSiOS.storyboard; sourceTree = "<group>"; };
		D034E69C1564FC120092AAA0 /* _GeoSample.h */ = {isa = PBXFileReference; fileEncoding = 4; lastKnownFileType = sourcecode.c.h; path = _GeoSample.h; sourceTree = "<group>"; };
		D034E69D1564FC120092AAA0 /* _GeoSample.m */ = {isa = PBXFileReference; fileEncoding = 4; lastKnownFileType = sourcecode.c.objc; path = _GeoSample.m; sourceTree = "<group>"; };
		D034E69E1564FC120092AAA0 /* GeoSample.h */ = {isa = PBXFileReference; fileEncoding = 4; lastKnownFileType = sourcecode.c.h; path = GeoSample.h; sourceTree = "<group>"; };
		D034E69F1564FC120092AAA0 /* GeoSample.m */ = {isa = PBXFileReference; fileEncoding = 4; lastKnownFileType = sourcecode.c.objc; path = GeoSample.m; sourceTree = "<group>"; };
		D034E6A71564FD2A0092AAA0 /* HTSExampleTestController.h */ = {isa = PBXFileReference; fileEncoding = 4; lastKnownFileType = sourcecode.c.h; path = HTSExampleTestController.h; sourceTree = "<group>"; };
		D034E6A81564FD2A0092AAA0 /* HTSExampleTestController.m */ = {isa = PBXFileReference; fileEncoding = 4; lastKnownFileType = sourcecode.c.objc; path = HTSExampleTestController.m; sourceTree = "<group>"; };
		D034E6AC1564FDB00092AAA0 /* KIFTestScenario+HTSAdditions.h */ = {isa = PBXFileReference; fileEncoding = 4; lastKnownFileType = sourcecode.c.h; path = "KIFTestScenario+HTSAdditions.h"; sourceTree = "<group>"; };
		D034E6AD1564FDB00092AAA0 /* KIFTestScenario+HTSAdditions.m */ = {isa = PBXFileReference; fileEncoding = 4; lastKnownFileType = sourcecode.c.objc; path = "KIFTestScenario+HTSAdditions.m"; sourceTree = "<group>"; };
		D034E786156515280092AAA0 /* NSAttributeDescription+MagicalDataImport.h */ = {isa = PBXFileReference; fileEncoding = 4; lastKnownFileType = sourcecode.c.h; path = "NSAttributeDescription+MagicalDataImport.h"; sourceTree = "<group>"; };
		D034E787156515280092AAA0 /* NSAttributeDescription+MagicalDataImport.m */ = {isa = PBXFileReference; fileEncoding = 4; lastKnownFileType = sourcecode.c.objc; path = "NSAttributeDescription+MagicalDataImport.m"; sourceTree = "<group>"; };
		D034E788156515280092AAA0 /* NSEntityDescription+MagicalDataImport.h */ = {isa = PBXFileReference; fileEncoding = 4; lastKnownFileType = sourcecode.c.h; path = "NSEntityDescription+MagicalDataImport.h"; sourceTree = "<group>"; };
		D034E789156515280092AAA0 /* NSEntityDescription+MagicalDataImport.m */ = {isa = PBXFileReference; fileEncoding = 4; lastKnownFileType = sourcecode.c.objc; path = "NSEntityDescription+MagicalDataImport.m"; sourceTree = "<group>"; };
		D034E78A156515280092AAA0 /* NSNumber+MagicalDataImport.h */ = {isa = PBXFileReference; fileEncoding = 4; lastKnownFileType = sourcecode.c.h; path = "NSNumber+MagicalDataImport.h"; sourceTree = "<group>"; };
		D034E78B156515280092AAA0 /* NSNumber+MagicalDataImport.m */ = {isa = PBXFileReference; fileEncoding = 4; lastKnownFileType = sourcecode.c.objc; path = "NSNumber+MagicalDataImport.m"; sourceTree = "<group>"; };
		D034E78C156515280092AAA0 /* NSObject+MagicalDataImport.h */ = {isa = PBXFileReference; fileEncoding = 4; lastKnownFileType = sourcecode.c.h; path = "NSObject+MagicalDataImport.h"; sourceTree = "<group>"; };
		D034E78D156515280092AAA0 /* NSObject+MagicalDataImport.m */ = {isa = PBXFileReference; fileEncoding = 4; lastKnownFileType = sourcecode.c.objc; path = "NSObject+MagicalDataImport.m"; sourceTree = "<group>"; };
		D034E78E156515280092AAA0 /* NSRelationshipDescription+MagicalDataImport.h */ = {isa = PBXFileReference; fileEncoding = 4; lastKnownFileType = sourcecode.c.h; path = "NSRelationshipDescription+MagicalDataImport.h"; sourceTree = "<group>"; };
		D034E78F156515280092AAA0 /* NSRelationshipDescription+MagicalDataImport.m */ = {isa = PBXFileReference; fileEncoding = 4; lastKnownFileType = sourcecode.c.objc; path = "NSRelationshipDescription+MagicalDataImport.m"; sourceTree = "<group>"; };
		D034E790156515280092AAA0 /* NSString+MagicalDataImport.h */ = {isa = PBXFileReference; fileEncoding = 4; lastKnownFileType = sourcecode.c.h; path = "NSString+MagicalDataImport.h"; sourceTree = "<group>"; };
		D034E791156515280092AAA0 /* NSString+MagicalDataImport.m */ = {isa = PBXFileReference; fileEncoding = 4; lastKnownFileType = sourcecode.c.objc; path = "NSString+MagicalDataImport.m"; sourceTree = "<group>"; };
		D034E792156515280092AAA0 /* NSManagedObject+MagicalDataImport.h */ = {isa = PBXFileReference; fileEncoding = 4; lastKnownFileType = sourcecode.c.h; path = "NSManagedObject+MagicalDataImport.h"; sourceTree = "<group>"; };
		D034E793156515280092AAA0 /* NSManagedObject+MagicalDataImport.m */ = {isa = PBXFileReference; fileEncoding = 4; lastKnownFileType = sourcecode.c.objc; path = "NSManagedObject+MagicalDataImport.m"; sourceTree = "<group>"; };
		D034E794156515280092AAA0 /* NSManagedObject+MagicalRecord.h */ = {isa = PBXFileReference; fileEncoding = 4; lastKnownFileType = sourcecode.c.h; path = "NSManagedObject+MagicalRecord.h"; sourceTree = "<group>"; };
		D034E795156515280092AAA0 /* NSManagedObject+MagicalRecord.m */ = {isa = PBXFileReference; fileEncoding = 4; lastKnownFileType = sourcecode.c.objc; path = "NSManagedObject+MagicalRecord.m"; sourceTree = "<group>"; };
		D034E796156515280092AAA0 /* NSManagedObjectContext+MagicalRecord.h */ = {isa = PBXFileReference; fileEncoding = 4; lastKnownFileType = sourcecode.c.h; path = "NSManagedObjectContext+MagicalRecord.h"; sourceTree = "<group>"; };
		D034E797156515280092AAA0 /* NSManagedObjectContext+MagicalRecord.m */ = {isa = PBXFileReference; fileEncoding = 4; lastKnownFileType = sourcecode.c.objc; path = "NSManagedObjectContext+MagicalRecord.m"; sourceTree = "<group>"; };
		D034E798156515280092AAA0 /* NSManagedObjectModel+MagicalRecord.h */ = {isa = PBXFileReference; fileEncoding = 4; lastKnownFileType = sourcecode.c.h; path = "NSManagedObjectModel+MagicalRecord.h"; sourceTree = "<group>"; };
		D034E799156515280092AAA0 /* NSManagedObjectModel+MagicalRecord.m */ = {isa = PBXFileReference; fileEncoding = 4; lastKnownFileType = sourcecode.c.objc; path = "NSManagedObjectModel+MagicalRecord.m"; sourceTree = "<group>"; };
		D034E79A156515280092AAA0 /* NSPersistentStore+MagicalRecord.h */ = {isa = PBXFileReference; fileEncoding = 4; lastKnownFileType = sourcecode.c.h; path = "NSPersistentStore+MagicalRecord.h"; sourceTree = "<group>"; };
		D034E79B156515280092AAA0 /* NSPersistentStore+MagicalRecord.m */ = {isa = PBXFileReference; fileEncoding = 4; lastKnownFileType = sourcecode.c.objc; path = "NSPersistentStore+MagicalRecord.m"; sourceTree = "<group>"; };
		D034E79C156515280092AAA0 /* NSPersistentStoreCoordinator+MagicalRecord.h */ = {isa = PBXFileReference; fileEncoding = 4; lastKnownFileType = sourcecode.c.h; path = "NSPersistentStoreCoordinator+MagicalRecord.h"; sourceTree = "<group>"; };
		D034E79D156515280092AAA0 /* NSPersistentStoreCoordinator+MagicalRecord.m */ = {isa = PBXFileReference; fileEncoding = 4; lastKnownFileType = sourcecode.c.objc; path = "NSPersistentStoreCoordinator+MagicalRecord.m"; sourceTree = "<group>"; };
		D034E79E156515280092AAA0 /* CoreData+MagicalRecord.h */ = {isa = PBXFileReference; fileEncoding = 4; lastKnownFileType = sourcecode.c.h; path = "CoreData+MagicalRecord.h"; sourceTree = "<group>"; };
		D034E79F156515280092AAA0 /* MagicalRecordHelpers.h */ = {isa = PBXFileReference; fileEncoding = 4; lastKnownFileType = sourcecode.c.h; path = MagicalRecordHelpers.h; sourceTree = "<group>"; };
		D034E7A0156515280092AAA0 /* MagicalRecordHelpers.m */ = {isa = PBXFileReference; fileEncoding = 4; lastKnownFileType = sourcecode.c.objc; path = MagicalRecordHelpers.m; sourceTree = "<group>"; };
		D034E7A1156515280092AAA0 /* MagicalRecordShorthand.h */ = {isa = PBXFileReference; fileEncoding = 4; lastKnownFileType = sourcecode.c.h; path = MagicalRecordShorthand.h; sourceTree = "<group>"; };
		D034E7A2156515280092AAA0 /* MRCoreDataAction.h */ = {isa = PBXFileReference; fileEncoding = 4; lastKnownFileType = sourcecode.c.h; path = MRCoreDataAction.h; sourceTree = "<group>"; };
		D034E7A3156515280092AAA0 /* MRCoreDataAction.m */ = {isa = PBXFileReference; fileEncoding = 4; lastKnownFileType = sourcecode.c.objc; path = MRCoreDataAction.m; sourceTree = "<group>"; };
		D0551BDE156B3427000E8EE9 /* arrow.png */ = {isa = PBXFileReference; lastKnownFileType = image.png; path = arrow.png; sourceTree = "<group>"; };
		D0551BE2156B3495000E8EE9 /* arrow@2x.png */ = {isa = PBXFileReference; lastKnownFileType = image.png; path = "arrow@2x.png"; sourceTree = "<group>"; };
		D0583506159D704D002981EA /* HTSLoginViewController.h */ = {isa = PBXFileReference; fileEncoding = 4; lastKnownFileType = sourcecode.c.h; path = HTSLoginViewController.h; sourceTree = "<group>"; };
		D0583507159D704D002981EA /* HTSLoginViewController.m */ = {isa = PBXFileReference; fileEncoding = 4; lastKnownFileType = sourcecode.c.objc; path = HTSLoginViewController.m; sourceTree = "<group>"; };
		D058350B159D7059002981EA /* HTSRegisterViewController.h */ = {isa = PBXFileReference; fileEncoding = 4; lastKnownFileType = sourcecode.c.h; path = HTSRegisterViewController.h; sourceTree = "<group>"; };
		D058350C159D7059002981EA /* HTSRegisterViewController.m */ = {isa = PBXFileReference; fileEncoding = 4; lastKnownFileType = sourcecode.c.objc; path = HTSRegisterViewController.m; sourceTree = "<group>"; };
		D06F5F5A156B79660009F2BA /* HTSGeoSampleManager.h */ = {isa = PBXFileReference; fileEncoding = 4; lastKnownFileType = sourcecode.c.h; path = HTSGeoSampleManager.h; sourceTree = "<group>"; };
		D06F5F5B156B79660009F2BA /* HTSGeoSampleManager.m */ = {isa = PBXFileReference; fileEncoding = 4; lastKnownFileType = sourcecode.c.objc; path = HTSGeoSampleManager.m; sourceTree = "<group>"; };
		D090007315933B2100B1D2C4 /* _TransportMode.h */ = {isa = PBXFileReference; fileEncoding = 4; lastKnownFileType = sourcecode.c.h; path = _TransportMode.h; sourceTree = "<group>"; };
		D090007415933B2100B1D2C4 /* _TransportMode.m */ = {isa = PBXFileReference; fileEncoding = 4; lastKnownFileType = sourcecode.c.objc; path = _TransportMode.m; sourceTree = "<group>"; };
		D090007515933B2100B1D2C4 /* TransportMode.h */ = {isa = PBXFileReference; fileEncoding = 4; lastKnownFileType = sourcecode.c.h; path = TransportMode.h; sourceTree = "<group>"; };
		D090007615933B2100B1D2C4 /* TransportMode.m */ = {isa = PBXFileReference; fileEncoding = 4; lastKnownFileType = sourcecode.c.objc; path = TransportMode.m; sourceTree = "<group>"; };
		D090007F1593F19200B1D2C4 /* HTSTripHistoryTableViewController.h */ = {isa = PBXFileReference; fileEncoding = 4; lastKnownFileType = sourcecode.c.h; path = HTSTripHistoryTableViewController.h; sourceTree = "<group>"; };
		D09000801593F19200B1D2C4 /* HTSTripHistoryTableViewController.m */ = {isa = PBXFileReference; fileEncoding = 4; lastKnownFileType = sourcecode.c.objc; path = HTSTripHistoryTableViewController.m; sourceTree = "<group>"; };
		D0D5E107158EB13000334EF3 /* HTSTripPath.h */ = {isa = PBXFileReference; fileEncoding = 4; lastKnownFileType = sourcecode.c.h; path = HTSTripPath.h; sourceTree = "<group>"; };
		D0D5E108158EB13000334EF3 /* HTSTripPath.m */ = {isa = PBXFileReference; fileEncoding = 4; lastKnownFileType = sourcecode.c.objc; path = HTSTripPath.m; sourceTree = "<group>"; };
		D0D5E10B158EB2DB00334EF3 /* HTSTripPathView.h */ = {isa = PBXFileReference; fileEncoding = 4; lastKnownFileType = sourcecode.c.h; path = HTSTripPathView.h; sourceTree = "<group>"; };
		D0D5E10C158EB2DB00334EF3 /* HTSTripPathView.m */ = {isa = PBXFileReference; fileEncoding = 4; lastKnownFileType = sourcecode.c.objc; path = HTSTripPathView.m; sourceTree = "<group>"; };
		D0E72DCB156EF2BB0079FD33 /* HTSTripDetailViewController.h */ = {isa = PBXFileReference; fileEncoding = 4; lastKnownFileType = sourcecode.c.h; path = HTSTripDetailViewController.h; sourceTree = "<group>"; };
		D0E72DCC156EF2BB0079FD33 /* HTSTripDetailViewController.m */ = {isa = PBXFileReference; fileEncoding = 4; lastKnownFileType = sourcecode.c.objc; path = HTSTripDetailViewController.m; sourceTree = "<group>"; };
/* End PBXFileReference section */

/* Begin PBXFrameworksBuildPhase section */
		D034E63C1564EAF30092AAA0 /* Frameworks */ = {
			isa = PBXFrameworksBuildPhase;
			buildActionMask = 2147483647;
			files = (
				D0027F89156BC08B002D65C6 /* libxml2.2.dylib in Frameworks */,
				D004FFA515689F82004687ED /* MapKit.framework in Frameworks */,
				D00E720115651CC900ECC409 /* CoreLocation.framework in Frameworks */,
				D034E6441564EAF30092AAA0 /* UIKit.framework in Frameworks */,
				D034E6461564EAF30092AAA0 /* Foundation.framework in Frameworks */,
				D034E6481564EAF30092AAA0 /* CoreGraphics.framework in Frameworks */,
				D034E64A1564EAF30092AAA0 /* CoreData.framework in Frameworks */,
			);
			runOnlyForDeploymentPostprocessing = 0;
		};
		D034E65B1564EAF30092AAA0 /* Frameworks */ = {
			isa = PBXFrameworksBuildPhase;
			buildActionMask = 2147483647;
			files = (
				D004FFA715689F91004687ED /* MapKit.framework in Frameworks */,
				D00E7203156525ED00ECC409 /* CoreLocation.framework in Frameworks */,
				D034E6611564EAF30092AAA0 /* SenTestingKit.framework in Frameworks */,
				D034E6621564EAF30092AAA0 /* UIKit.framework in Frameworks */,
				D034E6631564EAF30092AAA0 /* Foundation.framework in Frameworks */,
				D034E6641564EAF30092AAA0 /* CoreData.framework in Frameworks */,
			);
			runOnlyForDeploymentPostprocessing = 0;
		};
		D034E6801564EB630092AAA0 /* Frameworks */ = {
			isa = PBXFrameworksBuildPhase;
			buildActionMask = 2147483647;
			files = (
				D0027F8A156BC095002D65C6 /* libxml2.2.dylib in Frameworks */,
				D004FFAB1568A4D6004687ED /* CoreLocation.framework in Frameworks */,
				D004FFA815689F98004687ED /* MapKit.framework in Frameworks */,
				D034E68E1564EBCE0092AAA0 /* libKIF.a in Frameworks */,
				D034E6811564EB630092AAA0 /* UIKit.framework in Frameworks */,
				D034E6821564EB630092AAA0 /* Foundation.framework in Frameworks */,
				D034E6831564EB630092AAA0 /* CoreGraphics.framework in Frameworks */,
				D034E6841564EB630092AAA0 /* CoreData.framework in Frameworks */,
			);
			runOnlyForDeploymentPostprocessing = 0;
		};
/* End PBXFrameworksBuildPhase section */

/* Begin PBXGroup section */
		D004FFAC1568AC71004687ED /* View Controllers */ = {
			isa = PBXGroup;
			children = (
				D004FFAD1568AC92004687ED /* HTSTodayViewController.h */,
				D004FFAE1568AC92004687ED /* HTSTodayViewController.m */,
				D0027F8B156BD231002D65C6 /* HTSTripMapViewController.h */,
				D0027F8C156BD232002D65C6 /* HTSTripMapViewController.m */,
				D0027F90156BD465002D65C6 /* HTSTripMapViewController.xib */,
				D0E72DCB156EF2BB0079FD33 /* HTSTripDetailViewController.h */,
				D0E72DCC156EF2BB0079FD33 /* HTSTripDetailViewController.m */,
				D090007F1593F19200B1D2C4 /* HTSTripHistoryTableViewController.h */,
				D09000801593F19200B1D2C4 /* HTSTripHistoryTableViewController.m */,
				D0583506159D704D002981EA /* HTSLoginViewController.h */,
				D0583507159D704D002981EA /* HTSLoginViewController.m */,
				D058350B159D7059002981EA /* HTSRegisterViewController.h */,
				D058350C159D7059002981EA /* HTSRegisterViewController.m */,
			);
			name = "View Controllers";
			sourceTree = "<group>";
		};
		D00E748C15918F4900A1D31F /* Server API */ = {
			isa = PBXGroup;
			children = (
				D00E748E15918F6A00A1D31F /* HTSAPIController.h */,
				D00E748F15918F6A00A1D31F /* HTSAPIController.m */,
			);
			name = "Server API";
			sourceTree = "<group>";
		};
		D00E74921591B9DA00A1D31F /* AFNetworking */ = {
			isa = PBXGroup;
			children = (
				D00E74931591B9DA00A1D31F /* AFHTTPClient.h */,
				D00E74941591B9DA00A1D31F /* AFHTTPClient.m */,
				D00E74951591B9DA00A1D31F /* AFHTTPRequestOperation.h */,
				D00E74961591B9DA00A1D31F /* AFHTTPRequestOperation.m */,
				D00E74971591B9DA00A1D31F /* AFImageRequestOperation.h */,
				D00E74981591B9DA00A1D31F /* AFImageRequestOperation.m */,
				D00E74991591B9DA00A1D31F /* AFJSONRequestOperation.h */,
				D00E749A1591B9DA00A1D31F /* AFJSONRequestOperation.m */,
				D00E749B1591B9DA00A1D31F /* AFJSONUtilities.h */,
				D00E749C1591B9DA00A1D31F /* AFJSONUtilities.m */,
				D00E749D1591B9DA00A1D31F /* AFNetworkActivityIndicatorManager.h */,
				D00E749E1591B9DA00A1D31F /* AFNetworkActivityIndicatorManager.m */,
				D00E749F1591B9DA00A1D31F /* AFNetworking.h */,
				D00E74A01591B9DA00A1D31F /* AFPropertyListRequestOperation.h */,
				D00E74A11591B9DA00A1D31F /* AFPropertyListRequestOperation.m */,
				D00E74A21591B9DA00A1D31F /* AFURLConnectionOperation.h */,
				D00E74A31591B9DA00A1D31F /* AFURLConnectionOperation.m */,
				D00E74A41591B9DA00A1D31F /* AFXMLRequestOperation.h */,
				D00E74A51591B9DA00A1D31F /* AFXMLRequestOperation.m */,
				D00E74A61591B9DA00A1D31F /* UIImageView+AFNetworking.h */,
				D00E74A71591B9DA00A1D31F /* UIImageView+AFNetworking.m */,
			);
			name = AFNetworking;
			path = ../AFNetworking;
			sourceTree = "<group>";
		};
		D0205BDC156A251E00B4C816 /* Graphics */ = {
			isa = PBXGroup;
			children = (
				D0551BE2156B3495000E8EE9 /* arrow@2x.png */,
				D0551BDE156B3427000E8EE9 /* arrow.png */,
				D0205BDD156A271400B4C816 /* buttonbackgroundgreen.png */,
				D0205BDE156A271400B4C816 /* buttonbackgroundgreen@2x.png */,
				D0205BDF156A271400B4C816 /* buttonbackgroundred */,
				D0205BE0156A271400B4C816 /* buttonbackgroundred@2x */,
			);
			name = Graphics;
			sourceTree = "<group>";
		};
		D0205BEE156A325900B4C816 /* Fixtures */ = {
			isa = PBXGroup;
			children = (
				D0205BEF156A33FA00B4C816 /* HTSDataFixtures.h */,
				D0205BF0156A33FA00B4C816 /* HTSDataFixtures.m */,
			);
			name = Fixtures;
			sourceTree = "<group>";
		};
		D034E6341564EAF30092AAA0 = {
			isa = PBXGroup;
			children = (
				D034E64B1564EAF30092AAA0 /* HTSiOS */,
				D034E6671564EAF30092AAA0 /* HTSiOSTests */,
				D034E6421564EAF30092AAA0 /* Frameworks */,
				D034E6401564EAF30092AAA0 /* Products */,
			);
			sourceTree = "<group>";
		};
		D034E6401564EAF30092AAA0 /* Products */ = {
			isa = PBXGroup;
			children = (
				D034E63F1564EAF30092AAA0 /* HTSiOS.app */,
				D034E65F1564EAF30092AAA0 /* HTSiOSTests.octest */,
				D034E68A1564EB630092AAA0 /* HTSiOS Acceptance Tests.app */,
			);
			name = Products;
			sourceTree = "<group>";
		};
		D034E6421564EAF30092AAA0 /* Frameworks */ = {
			isa = PBXGroup;
			children = (
				D0027F87156BBCF4002D65C6 /* libxml2.2.dylib */,
				D004FFA415689F82004687ED /* MapKit.framework */,
				D034E68D1564EBCE0092AAA0 /* libKIF.a */,
				D00E720015651CC900ECC409 /* CoreLocation.framework */,
				D034E6431564EAF30092AAA0 /* UIKit.framework */,
				D034E6451564EAF30092AAA0 /* Foundation.framework */,
				D034E6471564EAF30092AAA0 /* CoreGraphics.framework */,
				D034E6491564EAF30092AAA0 /* CoreData.framework */,
				D034E6601564EAF30092AAA0 /* SenTestingKit.framework */,
			);
			name = Frameworks;
			sourceTree = "<group>";
		};
		D034E64B1564EAF30092AAA0 /* HTSiOS */ = {
			isa = PBXGroup;
			children = (
				D034E7B21565152B0092AAA0 /* Libraries */,
				D034E6A21564FC2E0092AAA0 /* Models */,
				D00E748C15918F4900A1D31F /* Server API */,
				D0D5E105158EB0F300334EF3 /* Overlays and Annotations */,
				D004FFAC1568AC71004687ED /* View Controllers */,
				D034E6541564EAF30092AAA0 /* HTSAppDelegate.h */,
				D034E6551564EAF30092AAA0 /* HTSAppDelegate.m */,
				D034E68F1564ED4E0092AAA0 /* HTSiOS.storyboard */,
				D034E64C1564EAF30092AAA0 /* Supporting Files */,
			);
			path = HTSiOS;
			sourceTree = "<group>";
		};
		D034E64C1564EAF30092AAA0 /* Supporting Files */ = {
			isa = PBXGroup;
			children = (
				D0027F71156BAA03002D65C6 /* Toowong-hills.gpx */,
				D0205BDC156A251E00B4C816 /* Graphics */,
				D034E64D1564EAF30092AAA0 /* HTSiOS-Info.plist */,
				D034E64E1564EAF30092AAA0 /* InfoPlist.strings */,
				D034E6511564EAF30092AAA0 /* main.m */,
				D034E6531564EAF30092AAA0 /* HTSiOS-Prefix.pch */,
			);
			name = "Supporting Files";
			sourceTree = "<group>";
		};
		D034E6671564EAF30092AAA0 /* HTSiOSTests */ = {
			isa = PBXGroup;
			children = (
				D0205BEE156A325900B4C816 /* Fixtures */,
				D034E6AB1564FD430092AAA0 /* Unit & Integration Tests */,
				D034E6AA1564FD310092AAA0 /* Acceptance Tests */,
			);
			path = HTSiOSTests;
			sourceTree = "<group>";
		};
		D034E6681564EAF30092AAA0 /* Supporting Files */ = {
			isa = PBXGroup;
			children = (
				D004FFA91568A4B4004687ED /* HTSiOS Acceptance Tests-Info.plist */,
				D034E6691564EAF30092AAA0 /* HTSiOSTests-Info.plist */,
				D034E66A1564EAF30092AAA0 /* InfoPlist.strings */,
			);
			name = "Supporting Files";
			sourceTree = "<group>";
		};
		D034E6A21564FC2E0092AAA0 /* Models */ = {
			isa = PBXGroup;
			children = (
				D034E6571564EAF30092AAA0 /* HTSiOS.xcdatamodeld */,
				D06F5F58156B793D0009F2BA /* Managers */,
				D034E6A31564FC360092AAA0 /* Robot */,
				D034E6A41564FC3C0092AAA0 /* Human */,
			);
			name = Models;
			sourceTree = "<group>";
		};
		D034E6A31564FC360092AAA0 /* Robot */ = {
			isa = PBXGroup;
			children = (
				D090007315933B2100B1D2C4 /* _TransportMode.h */,
				D090007415933B2100B1D2C4 /* _TransportMode.m */,
				D004FFB01568B613004687ED /* _Trip.h */,
				D004FFB11568B613004687ED /* _Trip.m */,
				D034E69C1564FC120092AAA0 /* _GeoSample.h */,
				D034E69D1564FC120092AAA0 /* _GeoSample.m */,
			);
			name = Robot;
			sourceTree = "<group>";
		};
		D034E6A41564FC3C0092AAA0 /* Human */ = {
			isa = PBXGroup;
			children = (
				D090007515933B2100B1D2C4 /* TransportMode.h */,
				D090007615933B2100B1D2C4 /* TransportMode.m */,
				D004FFB21568B613004687ED /* Trip.h */,
				D004FFB31568B613004687ED /* Trip.m */,
				D034E69E1564FC120092AAA0 /* GeoSample.h */,
				D034E69F1564FC120092AAA0 /* GeoSample.m */,
			);
			name = Human;
			sourceTree = "<group>";
		};
		D034E6AA1564FD310092AAA0 /* Acceptance Tests */ = {
			isa = PBXGroup;
			children = (
				D034E6AF1564FDB50092AAA0 /* Scenarios & Steps */,
				D034E6A71564FD2A0092AAA0 /* HTSExampleTestController.h */,
				D034E6A81564FD2A0092AAA0 /* HTSExampleTestController.m */,
				D034E6681564EAF30092AAA0 /* Supporting Files */,
			);
			name = "Acceptance Tests";
			sourceTree = "<group>";
		};
		D034E6AB1564FD430092AAA0 /* Unit & Integration Tests */ = {
			isa = PBXGroup;
			children = (
				D034E66D1564EAF30092AAA0 /* HTSiOSTests.h */,
				D034E66E1564EAF30092AAA0 /* HTSiOSTests.m */,
			);
			name = "Unit & Integration Tests";
			sourceTree = "<group>";
		};
		D034E6AF1564FDB50092AAA0 /* Scenarios & Steps */ = {
			isa = PBXGroup;
			children = (
				D034E6AC1564FDB00092AAA0 /* KIFTestScenario+HTSAdditions.h */,
				D034E6AD1564FDB00092AAA0 /* KIFTestScenario+HTSAdditions.m */,
			);
			name = "Scenarios & Steps";
			sourceTree = "<group>";
		};
		D034E783156515280092AAA0 /* MagicalRecord */ = {
			isa = PBXGroup;
			children = (
				D034E784156515280092AAA0 /* Categories */,
				D034E79E156515280092AAA0 /* CoreData+MagicalRecord.h */,
				D034E79F156515280092AAA0 /* MagicalRecordHelpers.h */,
				D034E7A0156515280092AAA0 /* MagicalRecordHelpers.m */,
				D034E7A1156515280092AAA0 /* MagicalRecordShorthand.h */,
				D034E7A2156515280092AAA0 /* MRCoreDataAction.h */,
				D034E7A3156515280092AAA0 /* MRCoreDataAction.m */,
			);
			path = MagicalRecord;
			sourceTree = "<group>";
		};
		D034E784156515280092AAA0 /* Categories */ = {
			isa = PBXGroup;
			children = (
				D034E785156515280092AAA0 /* DataImport */,
				D034E792156515280092AAA0 /* NSManagedObject+MagicalDataImport.h */,
				D034E793156515280092AAA0 /* NSManagedObject+MagicalDataImport.m */,
				D034E794156515280092AAA0 /* NSManagedObject+MagicalRecord.h */,
				D034E795156515280092AAA0 /* NSManagedObject+MagicalRecord.m */,
				D034E796156515280092AAA0 /* NSManagedObjectContext+MagicalRecord.h */,
				D034E797156515280092AAA0 /* NSManagedObjectContext+MagicalRecord.m */,
				D034E798156515280092AAA0 /* NSManagedObjectModel+MagicalRecord.h */,
				D034E799156515280092AAA0 /* NSManagedObjectModel+MagicalRecord.m */,
				D034E79A156515280092AAA0 /* NSPersistentStore+MagicalRecord.h */,
				D034E79B156515280092AAA0 /* NSPersistentStore+MagicalRecord.m */,
				D034E79C156515280092AAA0 /* NSPersistentStoreCoordinator+MagicalRecord.h */,
				D034E79D156515280092AAA0 /* NSPersistentStoreCoordinator+MagicalRecord.m */,
			);
			path = Categories;
			sourceTree = "<group>";
		};
		D034E785156515280092AAA0 /* DataImport */ = {
			isa = PBXGroup;
			children = (
				D034E786156515280092AAA0 /* NSAttributeDescription+MagicalDataImport.h */,
				D034E787156515280092AAA0 /* NSAttributeDescription+MagicalDataImport.m */,
				D034E788156515280092AAA0 /* NSEntityDescription+MagicalDataImport.h */,
				D034E789156515280092AAA0 /* NSEntityDescription+MagicalDataImport.m */,
				D034E78A156515280092AAA0 /* NSNumber+MagicalDataImport.h */,
				D034E78B156515280092AAA0 /* NSNumber+MagicalDataImport.m */,
				D034E78C156515280092AAA0 /* NSObject+MagicalDataImport.h */,
				D034E78D156515280092AAA0 /* NSObject+MagicalDataImport.m */,
				D034E78E156515280092AAA0 /* NSRelationshipDescription+MagicalDataImport.h */,
				D034E78F156515280092AAA0 /* NSRelationshipDescription+MagicalDataImport.m */,
				D034E790156515280092AAA0 /* NSString+MagicalDataImport.h */,
				D034E791156515280092AAA0 /* NSString+MagicalDataImport.m */,
			);
			path = DataImport;
			sourceTree = "<group>";
		};
		D034E7B21565152B0092AAA0 /* Libraries */ = {
			isa = PBXGroup;
			children = (
				D00E74921591B9DA00A1D31F /* AFNetworking */,
				D034E783156515280092AAA0 /* MagicalRecord */,
			);
			name = Libraries;
			sourceTree = "<group>";
		};
		D06F5F58156B793D0009F2BA /* Managers */ = {
			isa = PBXGroup;
			children = (
				D06F5F5A156B79660009F2BA /* HTSGeoSampleManager.h */,
				D06F5F5B156B79660009F2BA /* HTSGeoSampleManager.m */,
			);
			name = Managers;
			sourceTree = "<group>";
		};
		D0D5E105158EB0F300334EF3 /* Overlays and Annotations */ = {
			isa = PBXGroup;
			children = (
				D0D5E107158EB13000334EF3 /* HTSTripPath.h */,
				D0D5E108158EB13000334EF3 /* HTSTripPath.m */,
				D0D5E10B158EB2DB00334EF3 /* HTSTripPathView.h */,
				D0D5E10C158EB2DB00334EF3 /* HTSTripPathView.m */,
			);
			name = "Overlays and Annotations";
			sourceTree = "<group>";
		};
/* End PBXGroup section */

/* Begin PBXNativeTarget section */
		D034E63E1564EAF30092AAA0 /* HTSiOS */ = {
			isa = PBXNativeTarget;
			buildConfigurationList = D034E6721564EAF30092AAA0 /* Build configuration list for PBXNativeTarget "HTSiOS" */;
			buildPhases = (
				D034E63B1564EAF30092AAA0 /* Sources */,
				D034E63C1564EAF30092AAA0 /* Frameworks */,
				D034E63D1564EAF30092AAA0 /* Resources */,
			);
			buildRules = (
			);
			dependencies = (
			);
			name = HTSiOS;
			productName = HTSiOS;
			productReference = D034E63F1564EAF30092AAA0 /* HTSiOS.app */;
			productType = "com.apple.product-type.application";
		};
		D034E65E1564EAF30092AAA0 /* HTSiOSTests */ = {
			isa = PBXNativeTarget;
			buildConfigurationList = D034E6751564EAF30092AAA0 /* Build configuration list for PBXNativeTarget "HTSiOSTests" */;
			buildPhases = (
				D034E65A1564EAF30092AAA0 /* Sources */,
				D034E65B1564EAF30092AAA0 /* Frameworks */,
				D034E65C1564EAF30092AAA0 /* Resources */,
				D034E65D1564EAF30092AAA0 /* ShellScript */,
			);
			buildRules = (
			);
			dependencies = (
				D034E6661564EAF30092AAA0 /* PBXTargetDependency */,
			);
			name = HTSiOSTests;
			productName = HTSiOSTests;
			productReference = D034E65F1564EAF30092AAA0 /* HTSiOSTests.octest */;
			productType = "com.apple.product-type.bundle";
		};
		D034E67B1564EB630092AAA0 /* HTSiOS Acceptance Tests */ = {
			isa = PBXNativeTarget;
			buildConfigurationList = D034E6871564EB630092AAA0 /* Build configuration list for PBXNativeTarget "HTSiOS Acceptance Tests" */;
			buildPhases = (
				D034E67C1564EB630092AAA0 /* Sources */,
				D034E6801564EB630092AAA0 /* Frameworks */,
				D034E6851564EB630092AAA0 /* Resources */,
			);
			buildRules = (
			);
			dependencies = (
			);
			name = "HTSiOS Acceptance Tests";
			productName = HTSiOS;
			productReference = D034E68A1564EB630092AAA0 /* HTSiOS Acceptance Tests.app */;
			productType = "com.apple.product-type.application";
		};
/* End PBXNativeTarget section */

/* Begin PBXProject section */
		D034E6361564EAF30092AAA0 /* Project object */ = {
			isa = PBXProject;
			attributes = {
				CLASSPREFIX = HTS;
				LastUpgradeCheck = 0430;
				ORGANIZATIONNAME = "University of Queensland";
			};
			buildConfigurationList = D034E6391564EAF30092AAA0 /* Build configuration list for PBXProject "HTSiOS" */;
			compatibilityVersion = "Xcode 3.2";
			developmentRegion = English;
			hasScannedForEncodings = 0;
			knownRegions = (
				en,
			);
			mainGroup = D034E6341564EAF30092AAA0;
			productRefGroup = D034E6401564EAF30092AAA0 /* Products */;
			projectDirPath = "";
			projectRoot = "";
			targets = (
				D034E63E1564EAF30092AAA0 /* HTSiOS */,
				D034E65E1564EAF30092AAA0 /* HTSiOSTests */,
				D034E67B1564EB630092AAA0 /* HTSiOS Acceptance Tests */,
				D034E6911564F6DA0092AAA0 /* Mogenerator */,
			);
		};
/* End PBXProject section */

/* Begin PBXResourcesBuildPhase section */
		D034E63D1564EAF30092AAA0 /* Resources */ = {
			isa = PBXResourcesBuildPhase;
			buildActionMask = 2147483647;
			files = (
				D034E6501564EAF30092AAA0 /* InfoPlist.strings in Resources */,
				D034E6901564ED4E0092AAA0 /* HTSiOS.storyboard in Resources */,
				D0205BE5156A278000B4C816 /* buttonbackgroundgreen.png in Resources */,
				D0205BE6156A278000B4C816 /* buttonbackgroundgreen@2x.png in Resources */,
				D0205BE7156A278000B4C816 /* buttonbackgroundred in Resources */,
				D0205BE8156A278000B4C816 /* buttonbackgroundred@2x in Resources */,
				D0551BDF156B3427000E8EE9 /* arrow.png in Resources */,
				D0551BE3156B3495000E8EE9 /* arrow@2x.png in Resources */,
				D0027F72156BAA03002D65C6 /* Toowong-hills.gpx in Resources */,
				D0027F91156BD465002D65C6 /* HTSTripMapViewController.xib in Resources */,
			);
			runOnlyForDeploymentPostprocessing = 0;
		};
		D034E65C1564EAF30092AAA0 /* Resources */ = {
			isa = PBXResourcesBuildPhase;
			buildActionMask = 2147483647;
			files = (
				D034E66C1564EAF30092AAA0 /* InfoPlist.strings in Resources */,
				D0027F92156BD465002D65C6 /* HTSTripMapViewController.xib in Resources */,
			);
			runOnlyForDeploymentPostprocessing = 0;
		};
		D034E6851564EB630092AAA0 /* Resources */ = {
			isa = PBXResourcesBuildPhase;
			buildActionMask = 2147483647;
			files = (
				D034E6861564EB630092AAA0 /* InfoPlist.strings in Resources */,
				D034E7531565065F0092AAA0 /* HTSiOS.storyboard in Resources */,
				D0205BE9156A278100B4C816 /* buttonbackgroundgreen.png in Resources */,
				D0205BEA156A278100B4C816 /* buttonbackgroundgreen@2x.png in Resources */,
				D0205BEB156A278100B4C816 /* buttonbackgroundred in Resources */,
				D0205BEC156A278100B4C816 /* buttonbackgroundred@2x in Resources */,
				D0551BE1156B342D000E8EE9 /* arrow.png in Resources */,
				D0551BE4156B3495000E8EE9 /* arrow@2x.png in Resources */,
				D0027F73156BAA03002D65C6 /* Toowong-hills.gpx in Resources */,
				D0027F93156BD465002D65C6 /* HTSTripMapViewController.xib in Resources */,
			);
			runOnlyForDeploymentPostprocessing = 0;
		};
/* End PBXResourcesBuildPhase section */

/* Begin PBXShellScriptBuildPhase section */
		D034E65D1564EAF30092AAA0 /* ShellScript */ = {
			isa = PBXShellScriptBuildPhase;
			buildActionMask = 2147483647;
			files = (
			);
			inputPaths = (
			);
			outputPaths = (
			);
			runOnlyForDeploymentPostprocessing = 0;
			shellPath = /bin/sh;
			shellScript = "# Run the unit tests in this test bundle.\n\"${SYSTEM_DEVELOPER_DIR}/Tools/RunUnitTests\"\n";
		};
		D034E6951564F6E10092AAA0 /* ShellScript */ = {
			isa = PBXShellScriptBuildPhase;
			buildActionMask = 2147483647;
			files = (
			);
			inputPaths = (
			);
			outputPaths = (
			);
			runOnlyForDeploymentPostprocessing = 0;
			shellPath = /bin/sh;
			shellScript = "cd HTSiOS\n/usr/local/bin/mogenerator --template-var arc=true -m HTSiOS.xcdatamodeld/HTSiOS.xcdatamodel/";
		};
/* End PBXShellScriptBuildPhase section */

/* Begin PBXSourcesBuildPhase section */
		D034E63B1564EAF30092AAA0 /* Sources */ = {
			isa = PBXSourcesBuildPhase;
			buildActionMask = 2147483647;
			files = (
				D034E6521564EAF30092AAA0 /* main.m in Sources */,
				D034E6561564EAF30092AAA0 /* HTSAppDelegate.m in Sources */,
				D034E6591564EAF30092AAA0 /* HTSiOS.xcdatamodeld in Sources */,
				D034E6A01564FC120092AAA0 /* _GeoSample.m in Sources */,
				D034E6A11564FC120092AAA0 /* GeoSample.m in Sources */,
				D034E7A4156515280092AAA0 /* NSAttributeDescription+MagicalDataImport.m in Sources */,
				D034E7A5156515280092AAA0 /* NSEntityDescription+MagicalDataImport.m in Sources */,
				D034E7A6156515280092AAA0 /* NSNumber+MagicalDataImport.m in Sources */,
				D034E7A7156515280092AAA0 /* NSObject+MagicalDataImport.m in Sources */,
				D034E7A8156515280092AAA0 /* NSRelationshipDescription+MagicalDataImport.m in Sources */,
				D034E7A9156515280092AAA0 /* NSString+MagicalDataImport.m in Sources */,
				D034E7AA156515280092AAA0 /* NSManagedObject+MagicalDataImport.m in Sources */,
				D034E7AB156515280092AAA0 /* NSManagedObject+MagicalRecord.m in Sources */,
				D034E7AC156515280092AAA0 /* NSManagedObjectContext+MagicalRecord.m in Sources */,
				D034E7AD156515280092AAA0 /* NSManagedObjectModel+MagicalRecord.m in Sources */,
				D034E7AE156515280092AAA0 /* NSPersistentStore+MagicalRecord.m in Sources */,
				D034E7AF156515280092AAA0 /* NSPersistentStoreCoordinator+MagicalRecord.m in Sources */,
				D034E7B0156515280092AAA0 /* MagicalRecordHelpers.m in Sources */,
				D034E7B1156515280092AAA0 /* MRCoreDataAction.m in Sources */,
				D004FFAF1568AC92004687ED /* HTSTodayViewController.m in Sources */,
				D004FFB41568B613004687ED /* _Trip.m in Sources */,
				D004FFB61568B613004687ED /* Trip.m in Sources */,
				D0205BF1156A33FA00B4C816 /* HTSDataFixtures.m in Sources */,
				D06F5F5C156B79660009F2BA /* HTSGeoSampleManager.m in Sources */,
				D0027F8D156BD232002D65C6 /* HTSTripMapViewController.m in Sources */,
				D0E72DCD156EF2BB0079FD33 /* HTSTripDetailViewController.m in Sources */,
				D0D5E109158EB13000334EF3 /* HTSTripPath.m in Sources */,
				D0D5E10D158EB2DB00334EF3 /* HTSTripPathView.m in Sources */,
				D00E749015918F6A00A1D31F /* HTSAPIController.m in Sources */,
				D00E74A81591B9DA00A1D31F /* AFHTTPClient.m in Sources */,
				D00E74AA1591B9DA00A1D31F /* AFHTTPRequestOperation.m in Sources */,
				D00E74AC1591B9DA00A1D31F /* AFImageRequestOperation.m in Sources */,
				D00E74AE1591B9DA00A1D31F /* AFJSONRequestOperation.m in Sources */,
				D00E74B01591B9DA00A1D31F /* AFJSONUtilities.m in Sources */,
				D00E74B21591B9DA00A1D31F /* AFNetworkActivityIndicatorManager.m in Sources */,
				D00E74B41591B9DA00A1D31F /* AFPropertyListRequestOperation.m in Sources */,
				D00E74B61591B9DA00A1D31F /* AFURLConnectionOperation.m in Sources */,
				D00E74B81591B9DA00A1D31F /* AFXMLRequestOperation.m in Sources */,
				D00E74BA1591B9DA00A1D31F /* UIImageView+AFNetworking.m in Sources */,
				D090007715933B2100B1D2C4 /* _TransportMode.m in Sources */,
				D090007915933B2100B1D2C4 /* TransportMode.m in Sources */,
				D09000811593F19200B1D2C4 /* HTSTripHistoryTableViewController.m in Sources */,
				D0583508159D704D002981EA /* HTSLoginViewController.m in Sources */,
				D058350D159D7059002981EA /* HTSRegisterViewController.m in Sources */,
			);
			runOnlyForDeploymentPostprocessing = 0;
		};
		D034E65A1564EAF30092AAA0 /* Sources */ = {
			isa = PBXSourcesBuildPhase;
			buildActionMask = 2147483647;
			files = (
				D034E66F1564EAF30092AAA0 /* HTSiOSTests.m in Sources */,
				D0205BF2156A33FA00B4C816 /* HTSDataFixtures.m in Sources */,
				D0027F8E156BD232002D65C6 /* HTSTripMapViewController.m in Sources */,
			);
			runOnlyForDeploymentPostprocessing = 0;
		};
		D034E67C1564EB630092AAA0 /* Sources */ = {
			isa = PBXSourcesBuildPhase;
			buildActionMask = 2147483647;
			files = (
				D034E67D1564EB630092AAA0 /* main.m in Sources */,
				D034E67E1564EB630092AAA0 /* HTSAppDelegate.m in Sources */,
				D034E67F1564EB630092AAA0 /* HTSiOS.xcdatamodeld in Sources */,
				D034E6A91564FD2A0092AAA0 /* HTSExampleTestController.m in Sources */,
				D034E6AE1564FDB00092AAA0 /* KIFTestScenario+HTSAdditions.m in Sources */,
				D034E7B31565162F0092AAA0 /* MagicalRecordHelpers.m in Sources */,
				D034E7B4156516350092AAA0 /* MRCoreDataAction.m in Sources */,
				D034E7B5156516530092AAA0 /* NSAttributeDescription+MagicalDataImport.m in Sources */,
				D034E7B6156516530092AAA0 /* NSEntityDescription+MagicalDataImport.m in Sources */,
				D034E7B7156516530092AAA0 /* NSNumber+MagicalDataImport.m in Sources */,
				D034E7B8156516530092AAA0 /* NSObject+MagicalDataImport.m in Sources */,
				D034E7B9156516530092AAA0 /* NSRelationshipDescription+MagicalDataImport.m in Sources */,
				D034E7BA156516530092AAA0 /* NSString+MagicalDataImport.m in Sources */,
				D034E7BB156516530092AAA0 /* NSManagedObject+MagicalDataImport.m in Sources */,
				D034E7BC156516530092AAA0 /* NSManagedObject+MagicalRecord.m in Sources */,
				D034E7BD156516530092AAA0 /* NSManagedObjectContext+MagicalRecord.m in Sources */,
				D034E7BE156516530092AAA0 /* NSManagedObjectModel+MagicalRecord.m in Sources */,
				D034E7BF156516530092AAA0 /* NSPersistentStore+MagicalRecord.m in Sources */,
				D034E7C0156516530092AAA0 /* NSPersistentStoreCoordinator+MagicalRecord.m in Sources */,
				D034E7C1156517380092AAA0 /* _GeoSample.m in Sources */,
				D034E7C2156517380092AAA0 /* GeoSample.m in Sources */,
				D004FFB51568B613004687ED /* _Trip.m in Sources */,
				D004FFB71568B613004687ED /* Trip.m in Sources */,
				D0205BED156A284E00B4C816 /* HTSTodayViewController.m in Sources */,
				D0205BF3156A33FA00B4C816 /* HTSDataFixtures.m in Sources */,
				D06F5F5D156B79660009F2BA /* HTSGeoSampleManager.m in Sources */,
				D0027F8F156BD232002D65C6 /* HTSTripMapViewController.m in Sources */,
				D0E72DCE156EF2BB0079FD33 /* HTSTripDetailViewController.m in Sources */,
				D0D5E10A158EB13000334EF3 /* HTSTripPath.m in Sources */,
				D0D5E10E158EB2DB00334EF3 /* HTSTripPathView.m in Sources */,
				D00E749115918F6A00A1D31F /* HTSAPIController.m in Sources */,
				D00E74A91591B9DA00A1D31F /* AFHTTPClient.m in Sources */,
				D00E74AB1591B9DA00A1D31F /* AFHTTPRequestOperation.m in Sources */,
				D00E74AD1591B9DA00A1D31F /* AFImageRequestOperation.m in Sources */,
				D00E74AF1591B9DA00A1D31F /* AFJSONRequestOperation.m in Sources */,
				D00E74B11591B9DA00A1D31F /* AFJSONUtilities.m in Sources */,
				D00E74B31591B9DA00A1D31F /* AFNetworkActivityIndicatorManager.m in Sources */,
				D00E74B51591B9DA00A1D31F /* AFPropertyListRequestOperation.m in Sources */,
				D00E74B71591B9DA00A1D31F /* AFURLConnectionOperation.m in Sources */,
				D00E74B91591B9DA00A1D31F /* AFXMLRequestOperation.m in Sources */,
				D00E74BB1591B9DA00A1D31F /* UIImageView+AFNetworking.m in Sources */,
				D090007815933B2100B1D2C4 /* _TransportMode.m in Sources */,
				D090007A15933B2100B1D2C4 /* TransportMode.m in Sources */,
				D09000821593F19200B1D2C4 /* HTSTripHistoryTableViewController.m in Sources */,
				D0583509159D704D002981EA /* HTSLoginViewController.m in Sources */,
				D058350E159D7059002981EA /* HTSRegisterViewController.m in Sources */,
			);
			runOnlyForDeploymentPostprocessing = 0;
		};
/* End PBXSourcesBuildPhase section */

/* Begin PBXTargetDependency section */
		D034E6661564EAF30092AAA0 /* PBXTargetDependency */ = {
			isa = PBXTargetDependency;
			target = D034E63E1564EAF30092AAA0 /* HTSiOS */;
			targetProxy = D034E6651564EAF30092AAA0 /* PBXContainerItemProxy */;
		};
/* End PBXTargetDependency section */

/* Begin PBXVariantGroup section */
		D034E64E1564EAF30092AAA0 /* InfoPlist.strings */ = {
			isa = PBXVariantGroup;
			children = (
				D034E64F1564EAF30092AAA0 /* en */,
			);
			name = InfoPlist.strings;
			sourceTree = "<group>";
		};
		D034E66A1564EAF30092AAA0 /* InfoPlist.strings */ = {
			isa = PBXVariantGroup;
			children = (
				D034E66B1564EAF30092AAA0 /* en */,
			);
			name = InfoPlist.strings;
			sourceTree = "<group>";
		};
/* End PBXVariantGroup section */

/* Begin XCBuildConfiguration section */
		D034E6701564EAF30092AAA0 /* Debug */ = {
			isa = XCBuildConfiguration;
			buildSettings = {
				ALWAYS_SEARCH_USER_PATHS = NO;
				ARCHS = "$(ARCHS_STANDARD_32_BIT)";
				CLANG_ENABLE_OBJC_ARC = YES;
				"CODE_SIGN_IDENTITY[sdk=iphoneos*]" = "iPhone Developer";
				COPY_PHASE_STRIP = NO;
				GCC_C_LANGUAGE_STANDARD = gnu99;
				GCC_DYNAMIC_NO_PIC = NO;
				GCC_OPTIMIZATION_LEVEL = 0;
				GCC_PREPROCESSOR_DEFINITIONS = (
					"DEBUG=1",
					"$(inherited)",
				);
				GCC_SYMBOLS_PRIVATE_EXTERN = NO;
				GCC_VERSION = com.apple.compilers.llvm.clang.1_0;
				GCC_WARN_ABOUT_RETURN_TYPE = YES;
				GCC_WARN_UNINITIALIZED_AUTOS = YES;
				GCC_WARN_UNUSED_VARIABLE = YES;
				HEADER_SEARCH_PATHS = "/usr/include/libxml2/**";
				IPHONEOS_DEPLOYMENT_TARGET = 5.1;
				SDKROOT = iphoneos;
			};
			name = Debug;
		};
		D034E6711564EAF30092AAA0 /* Release */ = {
			isa = XCBuildConfiguration;
			buildSettings = {
				ALWAYS_SEARCH_USER_PATHS = NO;
				ARCHS = "$(ARCHS_STANDARD_32_BIT)";
				CLANG_ENABLE_OBJC_ARC = YES;
				"CODE_SIGN_IDENTITY[sdk=iphoneos*]" = "iPhone Developer";
				COPY_PHASE_STRIP = YES;
				GCC_C_LANGUAGE_STANDARD = gnu99;
				GCC_VERSION = com.apple.compilers.llvm.clang.1_0;
				GCC_WARN_ABOUT_RETURN_TYPE = YES;
				GCC_WARN_UNINITIALIZED_AUTOS = YES;
				GCC_WARN_UNUSED_VARIABLE = YES;
				HEADER_SEARCH_PATHS = "/usr/include/libxml2/**";
				IPHONEOS_DEPLOYMENT_TARGET = 5.1;
				OTHER_CFLAGS = "-DNS_BLOCK_ASSERTIONS=1";
				SDKROOT = iphoneos;
				VALIDATE_PRODUCT = YES;
			};
			name = Release;
		};
		D034E6731564EAF30092AAA0 /* Debug */ = {
			isa = XCBuildConfiguration;
			buildSettings = {
				GCC_PRECOMPILE_PREFIX_HEADER = YES;
				GCC_PREFIX_HEADER = "HTSiOS/HTSiOS-Prefix.pch";
				HEADER_SEARCH_PATHS = (
					"$(inherited)",
					"/usr/include/libxml2/**",
				);
				INFOPLIST_FILE = "HTSiOS/HTSiOS-Info.plist";
				PRODUCT_NAME = "$(TARGET_NAME)";
				USER_HEADER_SEARCH_PATHS = "$(inherited)";
				WRAPPER_EXTENSION = app;
			};
			name = Debug;
		};
		D034E6741564EAF30092AAA0 /* Release */ = {
			isa = XCBuildConfiguration;
			buildSettings = {
				GCC_PRECOMPILE_PREFIX_HEADER = YES;
				GCC_PREFIX_HEADER = "HTSiOS/HTSiOS-Prefix.pch";
				HEADER_SEARCH_PATHS = (
					"$(inherited)",
					"/usr/include/libxml2/**",
				);
				INFOPLIST_FILE = "HTSiOS/HTSiOS-Info.plist";
				PRODUCT_NAME = "$(TARGET_NAME)";
				USER_HEADER_SEARCH_PATHS = "$(inherited)";
				WRAPPER_EXTENSION = app;
			};
			name = Release;
		};
		D034E6761564EAF30092AAA0 /* Debug */ = {
			isa = XCBuildConfiguration;
			buildSettings = {
				BUNDLE_LOADER = "$(BUILT_PRODUCTS_DIR)/HTSiOS.app/HTSiOS";
				FRAMEWORK_SEARCH_PATHS = (
					"$(SDKROOT)/Developer/Library/Frameworks",
					"$(DEVELOPER_LIBRARY_DIR)/Frameworks",
				);
				GCC_PRECOMPILE_PREFIX_HEADER = YES;
				GCC_PREFIX_HEADER = "HTSiOS/HTSiOS-Prefix.pch";
				INFOPLIST_FILE = "HTSiOSTests/HTSiOSTests-Info.plist";
				PRODUCT_NAME = "$(TARGET_NAME)";
				TEST_HOST = "$(BUNDLE_LOADER)";
				WRAPPER_EXTENSION = octest;
			};
			name = Debug;
		};
		D034E6771564EAF30092AAA0 /* Release */ = {
			isa = XCBuildConfiguration;
			buildSettings = {
				BUNDLE_LOADER = "$(BUILT_PRODUCTS_DIR)/HTSiOS.app/HTSiOS";
				FRAMEWORK_SEARCH_PATHS = (
					"$(SDKROOT)/Developer/Library/Frameworks",
					"$(DEVELOPER_LIBRARY_DIR)/Frameworks",
				);
				GCC_PRECOMPILE_PREFIX_HEADER = YES;
				GCC_PREFIX_HEADER = "HTSiOS/HTSiOS-Prefix.pch";
				INFOPLIST_FILE = "HTSiOSTests/HTSiOSTests-Info.plist";
				PRODUCT_NAME = "$(TARGET_NAME)";
				TEST_HOST = "$(BUNDLE_LOADER)";
				WRAPPER_EXTENSION = octest;
			};
			name = Release;
		};
		D034E6881564EB630092AAA0 /* Debug */ = {
			isa = XCBuildConfiguration;
			buildSettings = {
				GCC_PRECOMPILE_PREFIX_HEADER = YES;
				GCC_PREFIX_HEADER = "HTSiOS/HTSiOS-Prefix.pch";
				GCC_PREPROCESSOR_DEFINITIONS = (
					"$(inherited)",
					"RUN_KIF_TESTS=1",
				);
				HEADER_SEARCH_PATHS = (
					"$(inherited)",
					"$(SRCROOT)/Frameworks/KIF/**",
					"$(SDKROOT)/usr/include/libxml2/**",
				);
				INFOPLIST_FILE = "HTSiOS Acceptance Tests-Info.plist";
				OTHER_LDFLAGS = (
					"$(inherited)",
					"-ObjC",
					"-all_load",
				);
				PRODUCT_NAME = "HTSiOS Acceptance Tests";
				WRAPPER_EXTENSION = app;
			};
			name = Debug;
		};
		D034E6891564EB630092AAA0 /* Release */ = {
			isa = XCBuildConfiguration;
			buildSettings = {
				GCC_PRECOMPILE_PREFIX_HEADER = YES;
				GCC_PREFIX_HEADER = "HTSiOS/HTSiOS-Prefix.pch";
				GCC_PREPROCESSOR_DEFINITIONS = (
					"$(inherited)",
					"RUN_KIF_TESTS=1",
				);
				HEADER_SEARCH_PATHS = (
					"$(inherited)",
					"$(SRCROOT)/Frameworks/KIF/**",
					"$(SDKROOT)/usr/include/libxml2/**",
				);
				INFOPLIST_FILE = "HTSiOS Acceptance Tests-Info.plist";
				OTHER_LDFLAGS = (
					"$(inherited)",
					"-ObjC",
					"-all_load",
				);
				PRODUCT_NAME = "HTSiOS Acceptance Tests";
				WRAPPER_EXTENSION = app;
			};
			name = Release;
		};
		D034E6931564F6DA0092AAA0 /* Debug */ = {
			isa = XCBuildConfiguration;
			buildSettings = {
				PRODUCT_NAME = "$(TARGET_NAME)";
			};
			name = Debug;
		};
		D034E6941564F6DA0092AAA0 /* Release */ = {
			isa = XCBuildConfiguration;
			buildSettings = {
				PRODUCT_NAME = "$(TARGET_NAME)";
			};
			name = Release;
		};
/* End XCBuildConfiguration section */

/* Begin XCConfigurationList section */
		D034E6391564EAF30092AAA0 /* Build configuration list for PBXProject "HTSiOS" */ = {
			isa = XCConfigurationList;
			buildConfigurations = (
				D034E6701564EAF30092AAA0 /* Debug */,
				D034E6711564EAF30092AAA0 /* Release */,
			);
			defaultConfigurationIsVisible = 0;
			defaultConfigurationName = Release;
		};
		D034E6721564EAF30092AAA0 /* Build configuration list for PBXNativeTarget "HTSiOS" */ = {
			isa = XCConfigurationList;
			buildConfigurations = (
				D034E6731564EAF30092AAA0 /* Debug */,
				D034E6741564EAF30092AAA0 /* Release */,
			);
			defaultConfigurationIsVisible = 0;
			defaultConfigurationName = Release;
		};
		D034E6751564EAF30092AAA0 /* Build configuration list for PBXNativeTarget "HTSiOSTests" */ = {
			isa = XCConfigurationList;
			buildConfigurations = (
				D034E6761564EAF30092AAA0 /* Debug */,
				D034E6771564EAF30092AAA0 /* Release */,
			);
			defaultConfigurationIsVisible = 0;
			defaultConfigurationName = Release;
		};
		D034E6871564EB630092AAA0 /* Build configuration list for PBXNativeTarget "HTSiOS Acceptance Tests" */ = {
			isa = XCConfigurationList;
			buildConfigurations = (
				D034E6881564EB630092AAA0 /* Debug */,
				D034E6891564EB630092AAA0 /* Release */,
			);
			defaultConfigurationIsVisible = 0;
			defaultConfigurationName = Release;
		};
		D034E6921564F6DA0092AAA0 /* Build configuration list for PBXAggregateTarget "Mogenerator" */ = {
			isa = XCConfigurationList;
			buildConfigurations = (
				D034E6931564F6DA0092AAA0 /* Debug */,
				D034E6941564F6DA0092AAA0 /* Release */,
			);
			defaultConfigurationIsVisible = 0;
			defaultConfigurationName = Release;
		};
/* End XCConfigurationList section */

/* Begin XCVersionGroup section */
		D034E6571564EAF30092AAA0 /* HTSiOS.xcdatamodeld */ = {
			isa = XCVersionGroup;
			children = (
				D034E6581564EAF30092AAA0 /* HTSiOS.xcdatamodel */,
			);
			currentVersion = D034E6581564EAF30092AAA0 /* HTSiOS.xcdatamodel */;
			path = HTSiOS.xcdatamodeld;
			sourceTree = "<group>";
			versionGroupType = wrapper.xcdatamodel;
		};
/* End XCVersionGroup section */
	};
	rootObject = D034E6361564EAF30092AAA0 /* Project object */;
}
